// !$*UTF8*$!
{
	archiveVersion = 1;
	classes = {
	};
	objectVersion = 46;
	objects = {

/* Begin PBXBuildFile section */
		2CC6117B18D30233005E978F /* Foundation.framework in Frameworks */ = {isa = PBXBuildFile; fileRef = 2CC6117A18D30233005E978F /* Foundation.framework */; };
		2CC6117D18D30233005E978F /* CoreGraphics.framework in Frameworks */ = {isa = PBXBuildFile; fileRef = 2CC6117C18D30233005E978F /* CoreGraphics.framework */; };
		2CC6117F18D30233005E978F /* UIKit.framework in Frameworks */ = {isa = PBXBuildFile; fileRef = 2CC6117E18D30233005E978F /* UIKit.framework */; };
		2CC6118518D30233005E978F /* InfoPlist.strings in Resources */ = {isa = PBXBuildFile; fileRef = 2CC6118318D30233005E978F /* InfoPlist.strings */; };
		2CC6118718D30233005E978F /* main.m in Sources */ = {isa = PBXBuildFile; fileRef = 2CC6118618D30233005E978F /* main.m */; };
		2CC6118B18D30233005E978F /* AppDelegate.m in Sources */ = {isa = PBXBuildFile; fileRef = 2CC6118A18D30233005E978F /* AppDelegate.m */; };
		2CC6118E18D30233005E978F /* Main.storyboard in Resources */ = {isa = PBXBuildFile; fileRef = 2CC6118C18D30233005E978F /* Main.storyboard */; };
		2CC6119118D30233005E978F /* ViewController.m in Sources */ = {isa = PBXBuildFile; fileRef = 2CC6119018D30233005E978F /* ViewController.m */; };
		2CC6119318D30233005E978F /* Images.xcassets in Resources */ = {isa = PBXBuildFile; fileRef = 2CC6119218D30233005E978F /* Images.xcassets */; };
		2CC6119A18D30233005E978F /* XCTest.framework in Frameworks */ = {isa = PBXBuildFile; fileRef = 2CC6119918D30233005E978F /* XCTest.framework */; };
		2CC6119B18D30233005E978F /* Foundation.framework in Frameworks */ = {isa = PBXBuildFile; fileRef = 2CC6117A18D30233005E978F /* Foundation.framework */; };
		2CC6119C18D30233005E978F /* UIKit.framework in Frameworks */ = {isa = PBXBuildFile; fileRef = 2CC6117E18D30233005E978F /* UIKit.framework */; };
		2CC611A418D30233005E978F /* InfoPlist.strings in Resources */ = {isa = PBXBuildFile; fileRef = 2CC611A218D30233005E978F /* InfoPlist.strings */; };
		2CC611A618D30233005E978F /* SwipeTests.m in Sources */ = {isa = PBXBuildFile; fileRef = 2CC611A518D30233005E978F /* SwipeTests.m */; };
		2CC611B018D30604005E978F /* swipe-right.png in Resources */ = {isa = PBXBuildFile; fileRef = 2CC611AF18D30604005E978F /* swipe-right.png */; };
		2CC611B218D308EB005E978F /* swipe-left.png in Resources */ = {isa = PBXBuildFile; fileRef = 2CC611B118D308EB005E978F /* swipe-left.png */; };
/* End PBXBuildFile section */

/* Begin PBXContainerItemProxy section */
		2CC6119D18D30233005E978F /* PBXContainerItemProxy */ = {
			isa = PBXContainerItemProxy;
			containerPortal = 2CC6116F18D30233005E978F /* Project object */;
			proxyType = 1;
			remoteGlobalIDString = 2CC6117618D30233005E978F;
			remoteInfo = Swipe;
		};
/* End PBXContainerItemProxy section */

/* Begin PBXFileReference section */
		2CC6117718D30233005E978F /* Swipe.app */ = {isa = PBXFileReference; explicitFileType = wrapper.application; includeInIndex = 0; path = Swipe.app; sourceTree = BUILT_PRODUCTS_DIR; };
		2CC6117A18D30233005E978F /* Foundation.framework */ = {isa = PBXFileReference; lastKnownFileType = wrapper.framework; name = Foundation.framework; path = System/Library/Frameworks/Foundation.framework; sourceTree = SDKROOT; };
		2CC6117C18D30233005E978F /* CoreGraphics.framework */ = {isa = PBXFileReference; lastKnownFileType = wrapper.framework; name = CoreGraphics.framework; path = System/Library/Frameworks/CoreGraphics.framework; sourceTree = SDKROOT; };
		2CC6117E18D30233005E978F /* UIKit.framework */ = {isa = PBXFileReference; lastKnownFileType = wrapper.framework; name = UIKit.framework; path = System/Library/Frameworks/UIKit.framework; sourceTree = SDKROOT; };
		2CC6118218D30233005E978F /* Swipe-Info.plist */ = {isa = PBXFileReference; lastKnownFileType = text.plist.xml; path = "Swipe-Info.plist"; sourceTree = "<group>"; };
		2CC6118418D30233005E978F /* en */ = {isa = PBXFileReference; lastKnownFileType = text.plist.strings; name = en; path = en.lproj/InfoPlist.strings; sourceTree = "<group>"; };
		2CC6118618D30233005E978F /* main.m */ = {isa = PBXFileReference; lastKnownFileType = sourcecode.c.objc; path = main.m; sourceTree = "<group>"; };
		2CC6118818D30233005E978F /* Swipe-Prefix.pch */ = {isa = PBXFileReference; lastKnownFileType = sourcecode.c.h; path = "Swipe-Prefix.pch"; sourceTree = "<group>"; };
		2CC6118918D30233005E978F /* AppDelegate.h */ = {isa = PBXFileReference; lastKnownFileType = sourcecode.c.h; path = AppDelegate.h; sourceTree = "<group>"; };
		2CC6118A18D30233005E978F /* AppDelegate.m */ = {isa = PBXFileReference; lastKnownFileType = sourcecode.c.objc; path = AppDelegate.m; sourceTree = "<group>"; };
		2CC6118D18D30233005E978F /* Base */ = {isa = PBXFileReference; lastKnownFileType = file.storyboard; name = Base; path = Base.lproj/Main.storyboard; sourceTree = "<group>"; };
		2CC6118F18D30233005E978F /* ViewController.h */ = {isa = PBXFileReference; lastKnownFileType = sourcecode.c.h; path = ViewController.h; sourceTree = "<group>"; };
		2CC6119018D30233005E978F /* ViewController.m */ = {isa = PBXFileReference; lastKnownFileType = sourcecode.c.objc; path = ViewController.m; sourceTree = "<group>"; };
		2CC6119218D30233005E978F /* Images.xcassets */ = {isa = PBXFileReference; lastKnownFileType = folder.assetcatalog; path = Images.xcassets; sourceTree = "<group>"; };
		2CC6119818D30233005E978F /* SwipeTests.xctest */ = {isa = PBXFileReference; explicitFileType = wrapper.cfbundle; includeInIndex = 0; path = SwipeTests.xctest; sourceTree = BUILT_PRODUCTS_DIR; };
		2CC6119918D30233005E978F /* XCTest.framework */ = {isa = PBXFileReference; lastKnownFileType = wrapper.framework; name = XCTest.framework; path = Library/Frameworks/XCTest.framework; sourceTree = DEVELOPER_DIR; };
		2CC611A118D30233005E978F /* SwipeTests-Info.plist */ = {isa = PBXFileReference; lastKnownFileType = text.plist.xml; path = "SwipeTests-Info.plist"; sourceTree = "<group>"; };
		2CC611A318D30233005E978F /* en */ = {isa = PBXFileReference; lastKnownFileType = text.plist.strings; name = en; path = en.lproj/InfoPlist.strings; sourceTree = "<group>"; };
		2CC611A518D30233005E978F /* SwipeTests.m */ = {isa = PBXFileReference; lastKnownFileType = sourcecode.c.objc; path = SwipeTests.m; sourceTree = "<group>"; };
		2CC611AF18D30604005E978F /* swipe-right.png */ = {isa = PBXFileReference; lastKnownFileType = image.png; path = "swipe-right.png"; sourceTree = "<group>"; };
		2CC611B118D308EB005E978F /* swipe-left.png */ = {isa = PBXFileReference; lastKnownFileType = image.png; path = "swipe-left.png"; sourceTree = "<group>"; };
/* End PBXFileReference section */

/* Begin PBXFrameworksBuildPhase section */
		2CC6117418D30233005E978F /* Frameworks */ = {
			isa = PBXFrameworksBuildPhase;
			buildActionMask = 2147483647;
			files = (
				2CC6117D18D30233005E978F /* CoreGraphics.framework in Frameworks */,
				2CC6117F18D30233005E978F /* UIKit.framework in Frameworks */,
				2CC6117B18D30233005E978F /* Foundation.framework in Frameworks */,
			);
			runOnlyForDeploymentPostprocessing = 0;
		};
		2CC6119518D30233005E978F /* Frameworks */ = {
			isa = PBXFrameworksBuildPhase;
			buildActionMask = 2147483647;
			files = (
				2CC6119A18D30233005E978F /* XCTest.framework in Frameworks */,
				2CC6119C18D30233005E978F /* UIKit.framework in Frameworks */,
				2CC6119B18D30233005E978F /* Foundation.framework in Frameworks */,
			);
			runOnlyForDeploymentPostprocessing = 0;
		};
/* End PBXFrameworksBuildPhase section */

/* Begin PBXGroup section */
		2CC6116E18D30233005E978F = {
			isa = PBXGroup;
			children = (
				2CC6118018D30233005E978F /* Swipe */,
				2CC6119F18D30233005E978F /* SwipeTests */,
				2CC6117918D30233005E978F /* Frameworks */,
				2CC6117818D30233005E978F /* Products */,
			);
			sourceTree = "<group>";
		};
		2CC6117818D30233005E978F /* Products */ = {
			isa = PBXGroup;
			children = (
				2CC6117718D30233005E978F /* Swipe.app */,
				2CC6119818D30233005E978F /* SwipeTests.xctest */,
			);
			name = Products;
			sourceTree = "<group>";
		};
		2CC6117918D30233005E978F /* Frameworks */ = {
			isa = PBXGroup;
			children = (
				2CC6117A18D30233005E978F /* Foundation.framework */,
				2CC6117C18D30233005E978F /* CoreGraphics.framework */,
				2CC6117E18D30233005E978F /* UIKit.framework */,
				2CC6119918D30233005E978F /* XCTest.framework */,
			);
			name = Frameworks;
			sourceTree = "<group>";
		};
		2CC6118018D30233005E978F /* Swipe */ = {
			isa = PBXGroup;
			children = (
				2CC6118918D30233005E978F /* AppDelegate.h */,
				2CC6118A18D30233005E978F /* AppDelegate.m */,
				2CC6118C18D30233005E978F /* Main.storyboard */,
				2CC6118F18D30233005E978F /* ViewController.h */,
				2CC6119018D30233005E978F /* ViewController.m */,
				2CC6119218D30233005E978F /* Images.xcassets */,
				2CC6118118D30233005E978F /* Supporting Files */,
			);
			path = Swipe;
			sourceTree = "<group>";
		};
		2CC6118118D30233005E978F /* Supporting Files */ = {
			isa = PBXGroup;
			children = (
				2CC611B118D308EB005E978F /* swipe-left.png */,
				2CC611AF18D30604005E978F /* swipe-right.png */,
				2CC6118218D30233005E978F /* Swipe-Info.plist */,
				2CC6118318D30233005E978F /* InfoPlist.strings */,
				2CC6118618D30233005E978F /* main.m */,
				2CC6118818D30233005E978F /* Swipe-Prefix.pch */,
			);
			name = "Supporting Files";
			sourceTree = "<group>";
		};
		2CC6119F18D30233005E978F /* SwipeTests */ = {
			isa = PBXGroup;
			children = (
				2CC611A518D30233005E978F /* SwipeTests.m */,
				2CC611A018D30233005E978F /* Supporting Files */,
			);
			path = SwipeTests;
			sourceTree = "<group>";
		};
		2CC611A018D30233005E978F /* Supporting Files */ = {
			isa = PBXGroup;
			children = (
				2CC611A118D30233005E978F /* SwipeTests-Info.plist */,
				2CC611A218D30233005E978F /* InfoPlist.strings */,
			);
			name = "Supporting Files";
			sourceTree = "<group>";
		};
/* End PBXGroup section */

/* Begin PBXNativeTarget section */
		2CC6117618D30233005E978F /* Swipe */ = {
			isa = PBXNativeTarget;
			buildConfigurationList = 2CC611A918D30233005E978F /* Build configuration list for PBXNativeTarget "Swipe" */;
			buildPhases = (
				2CC6117318D30233005E978F /* Sources */,
				2CC6117418D30233005E978F /* Frameworks */,
				2CC6117518D30233005E978F /* Resources */,
			);
			buildRules = (
			);
			dependencies = (
			);
			name = Swipe;
			productName = Swipe;
			productReference = 2CC6117718D30233005E978F /* Swipe.app */;
			productType = "com.apple.product-type.application";
		};
		2CC6119718D30233005E978F /* SwipeTests */ = {
			isa = PBXNativeTarget;
			buildConfigurationList = 2CC611AC18D30233005E978F /* Build configuration list for PBXNativeTarget "SwipeTests" */;
			buildPhases = (
				2CC6119418D30233005E978F /* Sources */,
				2CC6119518D30233005E978F /* Frameworks */,
				2CC6119618D30233005E978F /* Resources */,
			);
			buildRules = (
			);
			dependencies = (
				2CC6119E18D30233005E978F /* PBXTargetDependency */,
			);
			name = SwipeTests;
			productName = SwipeTests;
			productReference = 2CC6119818D30233005E978F /* SwipeTests.xctest */;
			productType = "com.apple.product-type.bundle.unit-test";
		};
/* End PBXNativeTarget section */

/* Begin PBXProject section */
		2CC6116F18D30233005E978F /* Project object */ = {
			isa = PBXProject;
			attributes = {
				LastUpgradeCheck = 0500;
				ORGANIZATIONNAME = "Paulo Martins";
				TargetAttributes = {
					2CC6119718D30233005E978F = {
						TestTargetID = 2CC6117618D30233005E978F;
					};
				};
			};
			buildConfigurationList = 2CC6117218D30233005E978F /* Build configuration list for PBXProject "Swipe" */;
			compatibilityVersion = "Xcode 3.2";
			developmentRegion = English;
			hasScannedForEncodings = 0;
			knownRegions = (
				en,
				Base,
			);
			mainGroup = 2CC6116E18D30233005E978F;
			productRefGroup = 2CC6117818D30233005E978F /* Products */;
			projectDirPath = "";
			projectRoot = "";
			targets = (
				2CC6117618D30233005E978F /* Swipe */,
				2CC6119718D30233005E978F /* SwipeTests */,
			);
		};
/* End PBXProject section */

/* Begin PBXResourcesBuildPhase section */
		2CC6117518D30233005E978F /* Resources */ = {
			isa = PBXResourcesBuildPhase;
			buildActionMask = 2147483647;
			files = (
				2CC6119318D30233005E978F /* Images.xcassets in Resources */,
				2CC611B018D30604005E978F /* swipe-right.png in Resources */,
				2CC611B218D308EB005E978F /* swipe-left.png in Resources */,
				2CC6118518D30233005E978F /* InfoPlist.strings in Resources */,
				2CC6118E18D30233005E978F /* Main.storyboard in Resources */,
			);
			runOnlyForDeploymentPostprocessing = 0;
		};
		2CC6119618D30233005E978F /* Resources */ = {
			isa = PBXResourcesBuildPhase;
			buildActionMask = 2147483647;
			files = (
				2CC611A418D30233005E978F /* InfoPlist.strings in Resources */,
			);
			runOnlyForDeploymentPostprocessing = 0;
		};
/* End PBXResourcesBuildPhase section */

/* Begin PBXSourcesBuildPhase section */
		2CC6117318D30233005E978F /* Sources */ = {
			isa = PBXSourcesBuildPhase;
			buildActionMask = 2147483647;
			files = (
				2CC6119118D30233005E978F /* ViewController.m in Sources */,
				2CC6118B18D30233005E978F /* AppDelegate.m in Sources */,
				2CC6118718D30233005E978F /* main.m in Sources */,
			);
			runOnlyForDeploymentPostprocessing = 0;
		};
		2CC6119418D30233005E978F /* Sources */ = {
			isa = PBXSourcesBuildPhase;
			buildActionMask = 2147483647;
			files = (
				2CC611A618D30233005E978F /* SwipeTests.m in Sources */,
			);
			runOnlyForDeploymentPostprocessing = 0;
		};
/* End PBXSourcesBuildPhase section */

/* Begin PBXTargetDependency section */
		2CC6119E18D30233005E978F /* PBXTargetDependency */ = {
			isa = PBXTargetDependency;
			target = 2CC6117618D30233005E978F /* Swipe */;
			targetProxy = 2CC6119D18D30233005E978F /* PBXContainerItemProxy */;
		};
/* End PBXTargetDependency section */

/* Begin PBXVariantGroup section */
		2CC6118318D30233005E978F /* InfoPlist.strings */ = {
			isa = PBXVariantGroup;
			children = (
				2CC6118418D30233005E978F /* en */,
			);
			name = InfoPlist.strings;
			sourceTree = "<group>";
		};
		2CC6118C18D30233005E978F /* Main.storyboard */ = {
			isa = PBXVariantGroup;
			children = (
				2CC6118D18D30233005E978F /* Base */,
			);
			name = Main.storyboard;
			sourceTree = "<group>";
		};
		2CC611A218D30233005E978F /* InfoPlist.strings */ = {
			isa = PBXVariantGroup;
			children = (
				2CC611A318D30233005E978F /* en */,
			);
			name = InfoPlist.strings;
			sourceTree = "<group>";
		};
/* End PBXVariantGroup section */

/* Begin XCBuildConfiguration section */
		2CC611A718D30233005E978F /* Debug */ = {
			isa = XCBuildConfiguration;
			buildSettings = {
				ALWAYS_SEARCH_USER_PATHS = NO;
				ARCHS = "$(ARCHS_STANDARD_INCLUDING_64_BIT)";
				CLANG_CXX_LANGUAGE_STANDARD = "gnu++0x";
				CLANG_CXX_LIBRARY = "libc++";
				CLANG_ENABLE_MODULES = YES;
				CLANG_ENABLE_OBJC_ARC = YES;
				CLANG_WARN_BOOL_CONVERSION = YES;
				CLANG_WARN_CONSTANT_CONVERSION = YES;
				CLANG_WARN_DIRECT_OBJC_ISA_USAGE = YES_ERROR;
				CLANG_WARN_EMPTY_BODY = YES;
				CLANG_WARN_ENUM_CONVERSION = YES;
				CLANG_WARN_INT_CONVERSION = YES;
				CLANG_WARN_OBJC_ROOT_CLASS = YES_ERROR;
				CLANG_WARN__DUPLICATE_METHOD_MATCH = YES;
				"CODE_SIGN_IDENTITY[sdk=iphoneos*]" = "iPhone Developer";
				COPY_PHASE_STRIP = NO;
				GCC_C_LANGUAGE_STANDARD = gnu99;
				GCC_DYNAMIC_NO_PIC = NO;
				GCC_OPTIMIZATION_LEVEL = 0;
				GCC_PREPROCESSOR_DEFINITIONS = (
					"DEBUG=1",
					"$(inherited)",
				);
				GCC_SYMBOLS_PRIVATE_EXTERN = NO;
				GCC_WARN_64_TO_32_BIT_CONVERSION = YES;
				GCC_WARN_ABOUT_RETURN_TYPE = YES_ERROR;
				GCC_WARN_UNDECLARED_SELECTOR = YES;
				GCC_WARN_UNINITIALIZED_AUTOS = YES;
				GCC_WARN_UNUSED_FUNCTION = YES;
				GCC_WARN_UNUSED_VARIABLE = YES;
				IPHONEOS_DEPLOYMENT_TARGET = 7.0;
				ONLY_ACTIVE_ARCH = YES;
				SDKROOT = iphoneos;
			};
			name = Debug;
		};
		2CC611A818D30233005E978F /* Release */ = {
			isa = XCBuildConfiguration;
			buildSettings = {
				ALWAYS_SEARCH_USER_PATHS = NO;
				ARCHS = "$(ARCHS_STANDARD_INCLUDING_64_BIT)";
				CLANG_CXX_LANGUAGE_STANDARD = "gnu++0x";
				CLANG_CXX_LIBRARY = "libc++";
				CLANG_ENABLE_MODULES = YES;
				CLANG_ENABLE_OBJC_ARC = YES;
				CLANG_WARN_BOOL_CONVERSION = YES;
				CLANG_WARN_CONSTANT_CONVERSION = YES;
				CLANG_WARN_DIRECT_OBJC_ISA_USAGE = YES_ERROR;
				CLANG_WARN_EMPTY_BODY = YES;
				CLANG_WARN_ENUM_CONVERSION = YES;
				CLANG_WARN_INT_CONVERSION = YES;
				CLANG_WARN_OBJC_ROOT_CLASS = YES_ERROR;
				CLANG_WARN__DUPLICATE_METHOD_MATCH = YES;
				"CODE_SIGN_IDENTITY[sdk=iphoneos*]" = "iPhone Developer";
				COPY_PHASE_STRIP = YES;
				ENABLE_NS_ASSERTIONS = NO;
				GCC_C_LANGUAGE_STANDARD = gnu99;
				GCC_WARN_64_TO_32_BIT_CONVERSION = YES;
				GCC_WARN_ABOUT_RETURN_TYPE = YES_ERROR;
				GCC_WARN_UNDECLARED_SELECTOR = YES;
				GCC_WARN_UNINITIALIZED_AUTOS = YES;
				GCC_WARN_UNUSED_FUNCTION = YES;
				GCC_WARN_UNUSED_VARIABLE = YES;
				IPHONEOS_DEPLOYMENT_TARGET = 7.0;
				SDKROOT = iphoneos;
				VALIDATE_PRODUCT = YES;
			};
			name = Release;
		};
		2CC611AA18D30233005E978F /* Debug */ = {
			isa = XCBuildConfiguration;
			buildSettings = {
				ASSETCATALOG_COMPILER_APPICON_NAME = AppIcon;
				ASSETCATALOG_COMPILER_LAUNCHIMAGE_NAME = LaunchImage;
				GCC_PRECOMPILE_PREFIX_HEADER = YES;
				GCC_PREFIX_HEADER = "Swipe/Swipe-Prefix.pch";
				INFOPLIST_FILE = "Swipe/Swipe-Info.plist";
				PRODUCT_NAME = "$(TARGET_NAME)";
				WRAPPER_EXTENSION = app;
			};
			name = Debug;
		};
		2CC611AB18D30233005E978F /* Release */ = {
			isa = XCBuildConfiguration;
			buildSettings = {
				ASSETCATALOG_COMPILER_APPICON_NAME = AppIcon;
				ASSETCATALOG_COMPILER_LAUNCHIMAGE_NAME = LaunchImage;
				GCC_PRECOMPILE_PREFIX_HEADER = YES;
				GCC_PREFIX_HEADER = "Swipe/Swipe-Prefix.pch";
				INFOPLIST_FILE = "Swipe/Swipe-Info.plist";
				PRODUCT_NAME = "$(TARGET_NAME)";
				WRAPPER_EXTENSION = app;
			};
			name = Release;
		};
		2CC611AD18D30233005E978F /* Debug */ = {
			isa = XCBuildConfiguration;
			buildSettings = {
				ARCHS = "$(ARCHS_STANDARD_INCLUDING_64_BIT)";
				BUNDLE_LOADER = "$(BUILT_PRODUCTS_DIR)/Swipe.app/Swipe";
				FRAMEWORK_SEARCH_PATHS = (
					"$(SDKROOT)/Developer/Library/Frameworks",
					"$(inherited)",
					"$(DEVELOPER_FRAMEWORKS_DIR)",
				);
				GCC_PRECOMPILE_PREFIX_HEADER = YES;
				GCC_PREFIX_HEADER = "Swipe/Swipe-Prefix.pch";
				GCC_PREPROCESSOR_DEFINITIONS = (
					"DEBUG=1",
					"$(inherited)",
				);
				INFOPLIST_FILE = "SwipeTests/SwipeTests-Info.plist";
				PRODUCT_NAME = "$(TARGET_NAME)";
				TEST_HOST = "$(BUNDLE_LOADER)";
				WRAPPER_EXTENSION = xctest;
			};
			name = Debug;
		};
		2CC611AE18D30233005E978F /* Release */ = {
			isa = XCBuildConfiguration;
			buildSettings = {
				ARCHS = "$(ARCHS_STANDARD_INCLUDING_64_BIT)";
				BUNDLE_LOADER = "$(BUILT_PRODUCTS_DIR)/Swipe.app/Swipe";
				FRAMEWORK_SEARCH_PATHS = (
					"$(SDKROOT)/Developer/Library/Frameworks",
					"$(inherited)",
					"$(DEVELOPER_FRAMEWORKS_DIR)",
				);
				GCC_PRECOMPILE_PREFIX_HEADER = YES;
				GCC_PREFIX_HEADER = "Swipe/Swipe-Prefix.pch";
				INFOPLIST_FILE = "SwipeTests/SwipeTests-Info.plist";
				PRODUCT_NAME = "$(TARGET_NAME)";
				TEST_HOST = "$(BUNDLE_LOADER)";
				WRAPPER_EXTENSION = xctest;
			};
			name = Release;
		};
/* End XCBuildConfiguration section */

/* Begin XCConfigurationList section */
		2CC6117218D30233005E978F /* Build configuration list for PBXProject "Swipe" */ = {
			isa = XCConfigurationList;
			buildConfigurations = (
				2CC611A718D30233005E978F /* Debug */,
				2CC611A818D30233005E978F /* Release */,
			);
			defaultConfigurationIsVisible = 0;
			defaultConfigurationName = Release;
		};
		2CC611A918D30233005E978F /* Build configuration list for PBXNativeTarget "Swipe" */ = {
			isa = XCConfigurationList;
			buildConfigurations = (
				2CC611AA18D30233005E978F /* Debug */,
				2CC611AB18D30233005E978F /* Release */,
			);
			defaultConfigurationIsVisible = 0;
		};
		2CC611AC18D30233005E978F /* Build configuration list for PBXNativeTarget "SwipeTests" */ = {
			isa = XCConfigurationList;
			buildConfigurations = (
				2CC611AD18D30233005E978F /* Debug */,
				2CC611AE18D30233005E978F /* Release */,
			);
			defaultConfigurationIsVisible = 0;
		};
/* End XCConfigurationList section */
	};
	rootObject = 2CC6116F18D30233005E978F /* Project object */;
}
