// !$*UTF8*$!
{
	archiveVersion = 1;
	classes = {
	};
	objectVersion = 46;
	objects = {

/* Begin PBXBuildFile section */
		2CF414AD18BB4F0E00496A6C /* Foundation.framework in Frameworks */ = {isa = PBXBuildFile; fileRef = 2CF414AC18BB4F0E00496A6C /* Foundation.framework */; };
		2CF414AF18BB4F0E00496A6C /* CoreGraphics.framework in Frameworks */ = {isa = PBXBuildFile; fileRef = 2CF414AE18BB4F0E00496A6C /* CoreGraphics.framework */; };
		2CF414B118BB4F0E00496A6C /* UIKit.framework in Frameworks */ = {isa = PBXBuildFile; fileRef = 2CF414B018BB4F0E00496A6C /* UIKit.framework */; };
		2CF414B718BB4F0E00496A6C /* InfoPlist.strings in Resources */ = {isa = PBXBuildFile; fileRef = 2CF414B518BB4F0E00496A6C /* InfoPlist.strings */; };
		2CF414B918BB4F0E00496A6C /* main.m in Sources */ = {isa = PBXBuildFile; fileRef = 2CF414B818BB4F0E00496A6C /* main.m */; };
		2CF414BD18BB4F0E00496A6C /* CalculatorAppDelegate.m in Sources */ = {isa = PBXBuildFile; fileRef = 2CF414BC18BB4F0E00496A6C /* CalculatorAppDelegate.m */; };
		2CF414C018BB4F0E00496A6C /* Main.storyboard in Resources */ = {isa = PBXBuildFile; fileRef = 2CF414BE18BB4F0E00496A6C /* Main.storyboard */; };
		2CF414C318BB4F0E00496A6C /* CalculatorViewController.m in Sources */ = {isa = PBXBuildFile; fileRef = 2CF414C218BB4F0E00496A6C /* CalculatorViewController.m */; };
		2CF414C518BB4F0E00496A6C /* Images.xcassets in Resources */ = {isa = PBXBuildFile; fileRef = 2CF414C418BB4F0E00496A6C /* Images.xcassets */; };
		2CF414CC18BB4F0E00496A6C /* XCTest.framework in Frameworks */ = {isa = PBXBuildFile; fileRef = 2CF414CB18BB4F0E00496A6C /* XCTest.framework */; };
		2CF414CD18BB4F0E00496A6C /* Foundation.framework in Frameworks */ = {isa = PBXBuildFile; fileRef = 2CF414AC18BB4F0E00496A6C /* Foundation.framework */; };
		2CF414CE18BB4F0E00496A6C /* UIKit.framework in Frameworks */ = {isa = PBXBuildFile; fileRef = 2CF414B018BB4F0E00496A6C /* UIKit.framework */; };
		2CF414D618BB4F0E00496A6C /* InfoPlist.strings in Resources */ = {isa = PBXBuildFile; fileRef = 2CF414D418BB4F0E00496A6C /* InfoPlist.strings */; };
		2CF414D818BB4F0E00496A6C /* CalculatorTests.m in Sources */ = {isa = PBXBuildFile; fileRef = 2CF414D718BB4F0E00496A6C /* CalculatorTests.m */; };
		2CF414E318BB587200496A6C /* Brain.m in Sources */ = {isa = PBXBuildFile; fileRef = 2CF414E218BB587200496A6C /* Brain.m */; };
/* End PBXBuildFile section */

/* Begin PBXContainerItemProxy section */
		2CF414CF18BB4F0E00496A6C /* PBXContainerItemProxy */ = {
			isa = PBXContainerItemProxy;
			containerPortal = 2CF414A118BB4F0E00496A6C /* Project object */;
			proxyType = 1;
			remoteGlobalIDString = 2CF414A818BB4F0E00496A6C;
			remoteInfo = Calculator;
		};
/* End PBXContainerItemProxy section */

/* Begin PBXFileReference section */
		2CF414A918BB4F0E00496A6C /* Calculator.app */ = {isa = PBXFileReference; explicitFileType = wrapper.application; includeInIndex = 0; path = Calculator.app; sourceTree = BUILT_PRODUCTS_DIR; };
		2CF414AC18BB4F0E00496A6C /* Foundation.framework */ = {isa = PBXFileReference; lastKnownFileType = wrapper.framework; name = Foundation.framework; path = System/Library/Frameworks/Foundation.framework; sourceTree = SDKROOT; };
		2CF414AE18BB4F0E00496A6C /* CoreGraphics.framework */ = {isa = PBXFileReference; lastKnownFileType = wrapper.framework; name = CoreGraphics.framework; path = System/Library/Frameworks/CoreGraphics.framework; sourceTree = SDKROOT; };
		2CF414B018BB4F0E00496A6C /* UIKit.framework */ = {isa = PBXFileReference; lastKnownFileType = wrapper.framework; name = UIKit.framework; path = System/Library/Frameworks/UIKit.framework; sourceTree = SDKROOT; };
		2CF414B418BB4F0E00496A6C /* Calculator-Info.plist */ = {isa = PBXFileReference; lastKnownFileType = text.plist.xml; path = "Calculator-Info.plist"; sourceTree = "<group>"; };
		2CF414B618BB4F0E00496A6C /* en */ = {isa = PBXFileReference; lastKnownFileType = text.plist.strings; name = en; path = en.lproj/InfoPlist.strings; sourceTree = "<group>"; };
		2CF414B818BB4F0E00496A6C /* main.m */ = {isa = PBXFileReference; lastKnownFileType = sourcecode.c.objc; path = main.m; sourceTree = "<group>"; };
		2CF414BA18BB4F0E00496A6C /* Calculator-Prefix.pch */ = {isa = PBXFileReference; lastKnownFileType = sourcecode.c.h; path = "Calculator-Prefix.pch"; sourceTree = "<group>"; };
		2CF414BB18BB4F0E00496A6C /* CalculatorAppDelegate.h */ = {isa = PBXFileReference; lastKnownFileType = sourcecode.c.h; path = CalculatorAppDelegate.h; sourceTree = "<group>"; };
		2CF414BC18BB4F0E00496A6C /* CalculatorAppDelegate.m */ = {isa = PBXFileReference; lastKnownFileType = sourcecode.c.objc; path = CalculatorAppDelegate.m; sourceTree = "<group>"; };
		2CF414BF18BB4F0E00496A6C /* Base */ = {isa = PBXFileReference; lastKnownFileType = file.storyboard; name = Base; path = Base.lproj/Main.storyboard; sourceTree = "<group>"; };
		2CF414C118BB4F0E00496A6C /* CalculatorViewController.h */ = {isa = PBXFileReference; lastKnownFileType = sourcecode.c.h; path = CalculatorViewController.h; sourceTree = "<group>"; };
		2CF414C218BB4F0E00496A6C /* CalculatorViewController.m */ = {isa = PBXFileReference; lastKnownFileType = sourcecode.c.objc; path = CalculatorViewController.m; sourceTree = "<group>"; };
		2CF414C418BB4F0E00496A6C /* Images.xcassets */ = {isa = PBXFileReference; lastKnownFileType = folder.assetcatalog; path = Images.xcassets; sourceTree = "<group>"; };
		2CF414CA18BB4F0E00496A6C /* CalculatorTests.xctest */ = {isa = PBXFileReference; explicitFileType = wrapper.cfbundle; includeInIndex = 0; path = CalculatorTests.xctest; sourceTree = BUILT_PRODUCTS_DIR; };
		2CF414CB18BB4F0E00496A6C /* XCTest.framework */ = {isa = PBXFileReference; lastKnownFileType = wrapper.framework; name = XCTest.framework; path = Library/Frameworks/XCTest.framework; sourceTree = DEVELOPER_DIR; };
		2CF414D318BB4F0E00496A6C /* CalculatorTests-Info.plist */ = {isa = PBXFileReference; lastKnownFileType = text.plist.xml; path = "CalculatorTests-Info.plist"; sourceTree = "<group>"; };
		2CF414D518BB4F0E00496A6C /* en */ = {isa = PBXFileReference; lastKnownFileType = text.plist.strings; name = en; path = en.lproj/InfoPlist.strings; sourceTree = "<group>"; };
		2CF414D718BB4F0E00496A6C /* CalculatorTests.m */ = {isa = PBXFileReference; lastKnownFileType = sourcecode.c.objc; path = CalculatorTests.m; sourceTree = "<group>"; };
		2CF414E118BB587200496A6C /* Brain.h */ = {isa = PBXFileReference; fileEncoding = 4; lastKnownFileType = sourcecode.c.h; path = Brain.h; sourceTree = "<group>"; };
		2CF414E218BB587200496A6C /* Brain.m */ = {isa = PBXFileReference; fileEncoding = 4; lastKnownFileType = sourcecode.c.objc; path = Brain.m; sourceTree = "<group>"; };
/* End PBXFileReference section */

/* Begin PBXFrameworksBuildPhase section */
		2CF414A618BB4F0E00496A6C /* Frameworks */ = {
			isa = PBXFrameworksBuildPhase;
			buildActionMask = 2147483647;
			files = (
				2CF414AF18BB4F0E00496A6C /* CoreGraphics.framework in Frameworks */,
				2CF414B118BB4F0E00496A6C /* UIKit.framework in Frameworks */,
				2CF414AD18BB4F0E00496A6C /* Foundation.framework in Frameworks */,
			);
			runOnlyForDeploymentPostprocessing = 0;
		};
		2CF414C718BB4F0E00496A6C /* Frameworks */ = {
			isa = PBXFrameworksBuildPhase;
			buildActionMask = 2147483647;
			files = (
				2CF414CC18BB4F0E00496A6C /* XCTest.framework in Frameworks */,
				2CF414CE18BB4F0E00496A6C /* UIKit.framework in Frameworks */,
				2CF414CD18BB4F0E00496A6C /* Foundation.framework in Frameworks */,
			);
			runOnlyForDeploymentPostprocessing = 0;
		};
/* End PBXFrameworksBuildPhase section */

/* Begin PBXGroup section */
		2CF414A018BB4F0E00496A6C = {
			isa = PBXGroup;
			children = (
				2CF414B218BB4F0E00496A6C /* Calculator */,
				2CF414D118BB4F0E00496A6C /* CalculatorTests */,
				2CF414AB18BB4F0E00496A6C /* Frameworks */,
				2CF414AA18BB4F0E00496A6C /* Products */,
			);
			sourceTree = "<group>";
		};
		2CF414AA18BB4F0E00496A6C /* Products */ = {
			isa = PBXGroup;
			children = (
				2CF414A918BB4F0E00496A6C /* Calculator.app */,
				2CF414CA18BB4F0E00496A6C /* CalculatorTests.xctest */,
			);
			name = Products;
			sourceTree = "<group>";
		};
		2CF414AB18BB4F0E00496A6C /* Frameworks */ = {
			isa = PBXGroup;
			children = (
				2CF414AC18BB4F0E00496A6C /* Foundation.framework */,
				2CF414AE18BB4F0E00496A6C /* CoreGraphics.framework */,
				2CF414B018BB4F0E00496A6C /* UIKit.framework */,
				2CF414CB18BB4F0E00496A6C /* XCTest.framework */,
			);
			name = Frameworks;
			sourceTree = "<group>";
		};
		2CF414B218BB4F0E00496A6C /* Calculator */ = {
			isa = PBXGroup;
			children = (
				2CF414BB18BB4F0E00496A6C /* CalculatorAppDelegate.h */,
				2CF414BC18BB4F0E00496A6C /* CalculatorAppDelegate.m */,
				2CF414BE18BB4F0E00496A6C /* Main.storyboard */,
				2CF414C118BB4F0E00496A6C /* CalculatorViewController.h */,
				2CF414C218BB4F0E00496A6C /* CalculatorViewController.m */,
				2CF414E118BB587200496A6C /* Brain.h */,
				2CF414E218BB587200496A6C /* Brain.m */,
				2CF414C418BB4F0E00496A6C /* Images.xcassets */,
				2CF414B318BB4F0E00496A6C /* Supporting Files */,
			);
			path = Calculator;
			sourceTree = "<group>";
		};
		2CF414B318BB4F0E00496A6C /* Supporting Files */ = {
			isa = PBXGroup;
			children = (
				2CF414B418BB4F0E00496A6C /* Calculator-Info.plist */,
				2CF414B518BB4F0E00496A6C /* InfoPlist.strings */,
				2CF414B818BB4F0E00496A6C /* main.m */,
				2CF414BA18BB4F0E00496A6C /* Calculator-Prefix.pch */,
			);
			name = "Supporting Files";
			sourceTree = "<group>";
		};
		2CF414D118BB4F0E00496A6C /* CalculatorTests */ = {
			isa = PBXGroup;
			children = (
				2CF414D718BB4F0E00496A6C /* CalculatorTests.m */,
				2CF414D218BB4F0E00496A6C /* Supporting Files */,
			);
			path = CalculatorTests;
			sourceTree = "<group>";
		};
		2CF414D218BB4F0E00496A6C /* Supporting Files */ = {
			isa = PBXGroup;
			children = (
				2CF414D318BB4F0E00496A6C /* CalculatorTests-Info.plist */,
				2CF414D418BB4F0E00496A6C /* InfoPlist.strings */,
			);
			name = "Supporting Files";
			sourceTree = "<group>";
		};
/* End PBXGroup section */

/* Begin PBXNativeTarget section */
		2CF414A818BB4F0E00496A6C /* Calculator */ = {
			isa = PBXNativeTarget;
			buildConfigurationList = 2CF414DB18BB4F0E00496A6C /* Build configuration list for PBXNativeTarget "Calculator" */;
			buildPhases = (
				2CF414A518BB4F0E00496A6C /* Sources */,
				2CF414A618BB4F0E00496A6C /* Frameworks */,
				2CF414A718BB4F0E00496A6C /* Resources */,
			);
			buildRules = (
			);
			dependencies = (
			);
			name = Calculator;
			productName = Calculator;
			productReference = 2CF414A918BB4F0E00496A6C /* Calculator.app */;
			productType = "com.apple.product-type.application";
		};
		2CF414C918BB4F0E00496A6C /* CalculatorTests */ = {
			isa = PBXNativeTarget;
			buildConfigurationList = 2CF414DE18BB4F0E00496A6C /* Build configuration list for PBXNativeTarget "CalculatorTests" */;
			buildPhases = (
				2CF414C618BB4F0E00496A6C /* Sources */,
				2CF414C718BB4F0E00496A6C /* Frameworks */,
				2CF414C818BB4F0E00496A6C /* Resources */,
			);
			buildRules = (
			);
			dependencies = (
				2CF414D018BB4F0E00496A6C /* PBXTargetDependency */,
			);
			name = CalculatorTests;
			productName = CalculatorTests;
			productReference = 2CF414CA18BB4F0E00496A6C /* CalculatorTests.xctest */;
			productType = "com.apple.product-type.bundle.unit-test";
		};
/* End PBXNativeTarget section */

/* Begin PBXProject section */
		2CF414A118BB4F0E00496A6C /* Project object */ = {
			isa = PBXProject;
			attributes = {
				CLASSPREFIX = Calculator;
				LastUpgradeCheck = 0500;
				ORGANIZATIONNAME = "Paulo Martins";
				TargetAttributes = {
					2CF414C918BB4F0E00496A6C = {
						TestTargetID = 2CF414A818BB4F0E00496A6C;
					};
				};
			};
			buildConfigurationList = 2CF414A418BB4F0E00496A6C /* Build configuration list for PBXProject "Calculator" */;
			compatibilityVersion = "Xcode 3.2";
			developmentRegion = English;
			hasScannedForEncodings = 0;
			knownRegions = (
				en,
				Base,
			);
			mainGroup = 2CF414A018BB4F0E00496A6C;
			productRefGroup = 2CF414AA18BB4F0E00496A6C /* Products */;
			projectDirPath = "";
			projectRoot = "";
			targets = (
				2CF414A818BB4F0E00496A6C /* Calculator */,
				2CF414C918BB4F0E00496A6C /* CalculatorTests */,
			);
		};
/* End PBXProject section */

/* Begin PBXResourcesBuildPhase section */
		2CF414A718BB4F0E00496A6C /* Resources */ = {
			isa = PBXResourcesBuildPhase;
			buildActionMask = 2147483647;
			files = (
				2CF414C518BB4F0E00496A6C /* Images.xcassets in Resources */,
				2CF414B718BB4F0E00496A6C /* InfoPlist.strings in Resources */,
				2CF414C018BB4F0E00496A6C /* Main.storyboard in Resources */,
			);
			runOnlyForDeploymentPostprocessing = 0;
		};
		2CF414C818BB4F0E00496A6C /* Resources */ = {
			isa = PBXResourcesBuildPhase;
			buildActionMask = 2147483647;
			files = (
				2CF414D618BB4F0E00496A6C /* InfoPlist.strings in Resources */,
			);
			runOnlyForDeploymentPostprocessing = 0;
		};
/* End PBXResourcesBuildPhase section */

/* Begin PBXSourcesBuildPhase section */
		2CF414A518BB4F0E00496A6C /* Sources */ = {
			isa = PBXSourcesBuildPhase;
			buildActionMask = 2147483647;
			files = (
				2CF414BD18BB4F0E00496A6C /* CalculatorAppDelegate.m in Sources */,
				2CF414B918BB4F0E00496A6C /* main.m in Sources */,
				2CF414E318BB587200496A6C /* Brain.m in Sources */,
				2CF414C318BB4F0E00496A6C /* CalculatorViewController.m in Sources */,
			);
			runOnlyForDeploymentPostprocessing = 0;
		};
		2CF414C618BB4F0E00496A6C /* Sources */ = {
			isa = PBXSourcesBuildPhase;
			buildActionMask = 2147483647;
			files = (
				2CF414D818BB4F0E00496A6C /* CalculatorTests.m in Sources */,
			);
			runOnlyForDeploymentPostprocessing = 0;
		};
/* End PBXSourcesBuildPhase section */

/* Begin PBXTargetDependency section */
		2CF414D018BB4F0E00496A6C /* PBXTargetDependency */ = {
			isa = PBXTargetDependency;
			target = 2CF414A818BB4F0E00496A6C /* Calculator */;
			targetProxy = 2CF414CF18BB4F0E00496A6C /* PBXContainerItemProxy */;
		};
/* End PBXTargetDependency section */

/* Begin PBXVariantGroup section */
		2CF414B518BB4F0E00496A6C /* InfoPlist.strings */ = {
			isa = PBXVariantGroup;
			children = (
				2CF414B618BB4F0E00496A6C /* en */,
			);
			name = InfoPlist.strings;
			sourceTree = "<group>";
		};
		2CF414BE18BB4F0E00496A6C /* Main.storyboard */ = {
			isa = PBXVariantGroup;
			children = (
				2CF414BF18BB4F0E00496A6C /* Base */,
			);
			name = Main.storyboard;
			sourceTree = "<group>";
		};
		2CF414D418BB4F0E00496A6C /* InfoPlist.strings */ = {
			isa = PBXVariantGroup;
			children = (
				2CF414D518BB4F0E00496A6C /* en */,
			);
			name = InfoPlist.strings;
			sourceTree = "<group>";
		};
/* End PBXVariantGroup section */

/* Begin XCBuildConfiguration section */
		2CF414D918BB4F0E00496A6C /* Debug */ = {
			isa = XCBuildConfiguration;
			buildSettings = {
				ALWAYS_SEARCH_USER_PATHS = NO;
				ARCHS = "$(ARCHS_STANDARD_INCLUDING_64_BIT)";
				CLANG_CXX_LANGUAGE_STANDARD = "gnu++0x";
				CLANG_CXX_LIBRARY = "libc++";
				CLANG_ENABLE_MODULES = YES;
				CLANG_ENABLE_OBJC_ARC = YES;
				CLANG_WARN_BOOL_CONVERSION = YES;
				CLANG_WARN_CONSTANT_CONVERSION = YES;
				CLANG_WARN_DIRECT_OBJC_ISA_USAGE = YES_ERROR;
				CLANG_WARN_EMPTY_BODY = YES;
				CLANG_WARN_ENUM_CONVERSION = YES;
				CLANG_WARN_INT_CONVERSION = YES;
				CLANG_WARN_OBJC_ROOT_CLASS = YES_ERROR;
				CLANG_WARN__DUPLICATE_METHOD_MATCH = YES;
				"CODE_SIGN_IDENTITY[sdk=iphoneos*]" = "iPhone Developer";
				COPY_PHASE_STRIP = NO;
				GCC_C_LANGUAGE_STANDARD = gnu99;
				GCC_DYNAMIC_NO_PIC = NO;
				GCC_OPTIMIZATION_LEVEL = 0;
				GCC_PREPROCESSOR_DEFINITIONS = (
					"DEBUG=1",
					"$(inherited)",
				);
				GCC_SYMBOLS_PRIVATE_EXTERN = NO;
				GCC_WARN_64_TO_32_BIT_CONVERSION = YES;
				GCC_WARN_ABOUT_RETURN_TYPE = YES_ERROR;
				GCC_WARN_UNDECLARED_SELECTOR = YES;
				GCC_WARN_UNINITIALIZED_AUTOS = YES;
				GCC_WARN_UNUSED_FUNCTION = YES;
				GCC_WARN_UNUSED_VARIABLE = YES;
				IPHONEOS_DEPLOYMENT_TARGET = 7.0;
				ONLY_ACTIVE_ARCH = YES;
				SDKROOT = iphoneos;
			};
			name = Debug;
		};
		2CF414DA18BB4F0E00496A6C /* Release */ = {
			isa = XCBuildConfiguration;
			buildSettings = {
				ALWAYS_SEARCH_USER_PATHS = NO;
				ARCHS = "$(ARCHS_STANDARD_INCLUDING_64_BIT)";
				CLANG_CXX_LANGUAGE_STANDARD = "gnu++0x";
				CLANG_CXX_LIBRARY = "libc++";
				CLANG_ENABLE_MODULES = YES;
				CLANG_ENABLE_OBJC_ARC = YES;
				CLANG_WARN_BOOL_CONVERSION = YES;
				CLANG_WARN_CONSTANT_CONVERSION = YES;
				CLANG_WARN_DIRECT_OBJC_ISA_USAGE = YES_ERROR;
				CLANG_WARN_EMPTY_BODY = YES;
				CLANG_WARN_ENUM_CONVERSION = YES;
				CLANG_WARN_INT_CONVERSION = YES;
				CLANG_WARN_OBJC_ROOT_CLASS = YES_ERROR;
				CLANG_WARN__DUPLICATE_METHOD_MATCH = YES;
				"CODE_SIGN_IDENTITY[sdk=iphoneos*]" = "iPhone Developer";
				COPY_PHASE_STRIP = YES;
				ENABLE_NS_ASSERTIONS = NO;
				GCC_C_LANGUAGE_STANDARD = gnu99;
				GCC_WARN_64_TO_32_BIT_CONVERSION = YES;
				GCC_WARN_ABOUT_RETURN_TYPE = YES_ERROR;
				GCC_WARN_UNDECLARED_SELECTOR = YES;
				GCC_WARN_UNINITIALIZED_AUTOS = YES;
				GCC_WARN_UNUSED_FUNCTION = YES;
				GCC_WARN_UNUSED_VARIABLE = YES;
				IPHONEOS_DEPLOYMENT_TARGET = 7.0;
				SDKROOT = iphoneos;
				VALIDATE_PRODUCT = YES;
			};
			name = Release;
		};
		2CF414DC18BB4F0E00496A6C /* Debug */ = {
			isa = XCBuildConfiguration;
			buildSettings = {
				ASSETCATALOG_COMPILER_APPICON_NAME = AppIcon;
				ASSETCATALOG_COMPILER_LAUNCHIMAGE_NAME = LaunchImage;
				GCC_PRECOMPILE_PREFIX_HEADER = YES;
				GCC_PREFIX_HEADER = "Calculator/Calculator-Prefix.pch";
				INFOPLIST_FILE = "Calculator/Calculator-Info.plist";
				PRODUCT_NAME = "$(TARGET_NAME)";
				WRAPPER_EXTENSION = app;
			};
			name = Debug;
		};
		2CF414DD18BB4F0E00496A6C /* Release */ = {
			isa = XCBuildConfiguration;
			buildSettings = {
				ASSETCATALOG_COMPILER_APPICON_NAME = AppIcon;
				ASSETCATALOG_COMPILER_LAUNCHIMAGE_NAME = LaunchImage;
				GCC_PRECOMPILE_PREFIX_HEADER = YES;
				GCC_PREFIX_HEADER = "Calculator/Calculator-Prefix.pch";
				INFOPLIST_FILE = "Calculator/Calculator-Info.plist";
				PRODUCT_NAME = "$(TARGET_NAME)";
				WRAPPER_EXTENSION = app;
			};
			name = Release;
		};
		2CF414DF18BB4F0E00496A6C /* Debug */ = {
			isa = XCBuildConfiguration;
			buildSettings = {
				ARCHS = "$(ARCHS_STANDARD_INCLUDING_64_BIT)";
				BUNDLE_LOADER = "$(BUILT_PRODUCTS_DIR)/Calculator.app/Calculator";
				FRAMEWORK_SEARCH_PATHS = (
					"$(SDKROOT)/Developer/Library/Frameworks",
					"$(inherited)",
					"$(DEVELOPER_FRAMEWORKS_DIR)",
				);
				GCC_PRECOMPILE_PREFIX_HEADER = YES;
				GCC_PREFIX_HEADER = "Calculator/Calculator-Prefix.pch";
				GCC_PREPROCESSOR_DEFINITIONS = (
					"DEBUG=1",
					"$(inherited)",
				);
				INFOPLIST_FILE = "CalculatorTests/CalculatorTests-Info.plist";
				PRODUCT_NAME = "$(TARGET_NAME)";
				TEST_HOST = "$(BUNDLE_LOADER)";
				WRAPPER_EXTENSION = xctest;
			};
			name = Debug;
		};
		2CF414E018BB4F0E00496A6C /* Release */ = {
			isa = XCBuildConfiguration;
			buildSettings = {
				ARCHS = "$(ARCHS_STANDARD_INCLUDING_64_BIT)";
				BUNDLE_LOADER = "$(BUILT_PRODUCTS_DIR)/Calculator.app/Calculator";
				FRAMEWORK_SEARCH_PATHS = (
					"$(SDKROOT)/Developer/Library/Frameworks",
					"$(inherited)",
					"$(DEVELOPER_FRAMEWORKS_DIR)",
				);
				GCC_PRECOMPILE_PREFIX_HEADER = YES;
				GCC_PREFIX_HEADER = "Calculator/Calculator-Prefix.pch";
				INFOPLIST_FILE = "CalculatorTests/CalculatorTests-Info.plist";
				PRODUCT_NAME = "$(TARGET_NAME)";
				TEST_HOST = "$(BUNDLE_LOADER)";
				WRAPPER_EXTENSION = xctest;
			};
			name = Release;
		};
/* End XCBuildConfiguration section */

/* Begin XCConfigurationList section */
		2CF414A418BB4F0E00496A6C /* Build configuration list for PBXProject "Calculator" */ = {
			isa = XCConfigurationList;
			buildConfigurations = (
				2CF414D918BB4F0E00496A6C /* Debug */,
				2CF414DA18BB4F0E00496A6C /* Release */,
			);
			defaultConfigurationIsVisible = 0;
			defaultConfigurationName = Release;
		};
		2CF414DB18BB4F0E00496A6C /* Build configuration list for PBXNativeTarget "Calculator" */ = {
			isa = XCConfigurationList;
			buildConfigurations = (
				2CF414DC18BB4F0E00496A6C /* Debug */,
				2CF414DD18BB4F0E00496A6C /* Release */,
			);
			defaultConfigurationIsVisible = 0;
		};
		2CF414DE18BB4F0E00496A6C /* Build configuration list for PBXNativeTarget "CalculatorTests" */ = {
			isa = XCConfigurationList;
			buildConfigurations = (
				2CF414DF18BB4F0E00496A6C /* Debug */,
				2CF414E018BB4F0E00496A6C /* Release */,
			);
			defaultConfigurationIsVisible = 0;
		};
/* End XCConfigurationList section */
	};
	rootObject = 2CF414A118BB4F0E00496A6C /* Project object */;
}
