// !$*UTF8*$!
{
	archiveVersion = 1;
	classes = {
	};
	objectVersion = 46;
	objects = {

/* Begin PBXBuildFile section */
		2C6AC5A618D063D600F3E4F0 /* Foundation.framework in Frameworks */ = {isa = PBXBuildFile; fileRef = 2C6AC5A518D063D600F3E4F0 /* Foundation.framework */; };
		2C6AC5A818D063D600F3E4F0 /* CoreGraphics.framework in Frameworks */ = {isa = PBXBuildFile; fileRef = 2C6AC5A718D063D600F3E4F0 /* CoreGraphics.framework */; };
		2C6AC5AA18D063D600F3E4F0 /* UIKit.framework in Frameworks */ = {isa = PBXBuildFile; fileRef = 2C6AC5A918D063D600F3E4F0 /* UIKit.framework */; };
		2C6AC5B018D063D600F3E4F0 /* InfoPlist.strings in Resources */ = {isa = PBXBuildFile; fileRef = 2C6AC5AE18D063D600F3E4F0 /* InfoPlist.strings */; };
		2C6AC5B218D063D600F3E4F0 /* main.m in Sources */ = {isa = PBXBuildFile; fileRef = 2C6AC5B118D063D600F3E4F0 /* main.m */; };
		2C6AC5B618D063D600F3E4F0 /* AmbulareAppDelegate.m in Sources */ = {isa = PBXBuildFile; fileRef = 2C6AC5B518D063D600F3E4F0 /* AmbulareAppDelegate.m */; };
		2C6AC5B918D063D600F3E4F0 /* Main.storyboard in Resources */ = {isa = PBXBuildFile; fileRef = 2C6AC5B718D063D600F3E4F0 /* Main.storyboard */; };
		2C6AC5BC18D063D600F3E4F0 /* AmbulareViewController.m in Sources */ = {isa = PBXBuildFile; fileRef = 2C6AC5BB18D063D600F3E4F0 /* AmbulareViewController.m */; };
		2C6AC5BE18D063D600F3E4F0 /* Images.xcassets in Resources */ = {isa = PBXBuildFile; fileRef = 2C6AC5BD18D063D600F3E4F0 /* Images.xcassets */; };
		2C6AC5C518D063D600F3E4F0 /* XCTest.framework in Frameworks */ = {isa = PBXBuildFile; fileRef = 2C6AC5C418D063D600F3E4F0 /* XCTest.framework */; };
		2C6AC5C618D063D600F3E4F0 /* Foundation.framework in Frameworks */ = {isa = PBXBuildFile; fileRef = 2C6AC5A518D063D600F3E4F0 /* Foundation.framework */; };
		2C6AC5C718D063D600F3E4F0 /* UIKit.framework in Frameworks */ = {isa = PBXBuildFile; fileRef = 2C6AC5A918D063D600F3E4F0 /* UIKit.framework */; };
		2C6AC5CF18D063D600F3E4F0 /* InfoPlist.strings in Resources */ = {isa = PBXBuildFile; fileRef = 2C6AC5CD18D063D600F3E4F0 /* InfoPlist.strings */; };
		2C6AC5D118D063D600F3E4F0 /* AmbulareTests.m in Sources */ = {isa = PBXBuildFile; fileRef = 2C6AC5D018D063D600F3E4F0 /* AmbulareTests.m */; };
		2C6AC5DB18D0643700F3E4F0 /* Default@2x.png in Resources */ = {isa = PBXBuildFile; fileRef = 2C6AC5DA18D0643700F3E4F0 /* Default@2x.png */; };
		2CBC46D018E03AEA00020DB7 /* AmbulareRotaCell.m in Sources */ = {isa = PBXBuildFile; fileRef = 2CBC46CF18E03AEA00020DB7 /* AmbulareRotaCell.m */; };
		2CBC46D418E03CA600020DB7 /* AmbulareRotaCell.xib in Resources */ = {isa = PBXBuildFile; fileRef = 2CBC46D318E03CA600020DB7 /* AmbulareRotaCell.xib */; };
		2CBC46D718E0552600020DB7 /* CoordenadasEntity.m in Sources */ = {isa = PBXBuildFile; fileRef = 2CBC46D618E0552600020DB7 /* CoordenadasEntity.m */; };
		9607D18618E0A7C600C1ED7C /* customPin.png in Resources */ = {isa = PBXBuildFile; fileRef = 9607D18518E0A7C600C1ED7C /* customPin.png */; };
		9607D19118E1F66C00C1ED7C /* bt_gravarPercurso.png in Resources */ = {isa = PBXBuildFile; fileRef = 9607D19018E1F66C00C1ED7C /* bt_gravarPercurso.png */; };
		9607D19318E1F78900C1ED7C /* bt_stop.png in Resources */ = {isa = PBXBuildFile; fileRef = 9607D19218E1F78900C1ED7C /* bt_stop.png */; };
		9607D19518E1F89100C1ED7C /* bt_back.png in Resources */ = {isa = PBXBuildFile; fileRef = 9607D19418E1F89100C1ED7C /* bt_back.png */; };
		9608EFE718D8A2B00000DA32 /* background1.png in Resources */ = {isa = PBXBuildFile; fileRef = 9608EFE618D8A2B00000DA32 /* background1.png */; };
		9634F05C18DDA76C00091392 /* AmbulareModel.xcdatamodeld in Sources */ = {isa = PBXBuildFile; fileRef = 9634F05A18DDA76C00091392 /* AmbulareModel.xcdatamodeld */; };
		9634F0AE18DDB0A900091392 /* CoreData.framework in Frameworks */ = {isa = PBXBuildFile; fileRef = 9634F0AD18DDB0A900091392 /* CoreData.framework */; };
		9634F0B118DDFA8800091392 /* RotaEntity.m in Sources */ = {isa = PBXBuildFile; fileRef = 9634F0B018DDFA8800091392 /* RotaEntity.m */; };
		9648AC2B18D476A600F633AC /* swipe_gesture.png in Resources */ = {isa = PBXBuildFile; fileRef = 9648AC2A18D476A600F633AC /* swipe_gesture.png */; };
		9648AC6F18D4D80700F633AC /* AmbulareGPSRecViewController.m in Sources */ = {isa = PBXBuildFile; fileRef = 9648AC6E18D4D80700F633AC /* AmbulareGPSRecViewController.m */; };
		9648AC7118D5F50200F633AC /* CoreLocation.framework in Frameworks */ = {isa = PBXBuildFile; fileRef = 9648AC7018D5F50200F633AC /* CoreLocation.framework */; };
		9648AC7318D5F51200F633AC /* MapKit.framework in Frameworks */ = {isa = PBXBuildFile; fileRef = 9648AC7218D5F51200F633AC /* MapKit.framework */; };
		96854FBD18DEEA820046A398 /* AmbulareShowRotasViewController.m in Sources */ = {isa = PBXBuildFile; fileRef = 96854FBC18DEEA820046A398 /* AmbulareShowRotasViewController.m */; };
		96854FC018DF23700046A398 /* AmbulareRotaDetailViewController.m in Sources */ = {isa = PBXBuildFile; fileRef = 96854FBF18DF23700046A398 /* AmbulareRotaDetailViewController.m */; };
/* End PBXBuildFile section */

/* Begin PBXContainerItemProxy section */
		2C6AC5C818D063D600F3E4F0 /* PBXContainerItemProxy */ = {
			isa = PBXContainerItemProxy;
			containerPortal = 2C6AC59A18D063D600F3E4F0 /* Project object */;
			proxyType = 1;
			remoteGlobalIDString = 2C6AC5A118D063D600F3E4F0;
			remoteInfo = Ambulare;
		};
/* End PBXContainerItemProxy section */

/* Begin PBXFileReference section */
		2C6AC5A218D063D600F3E4F0 /* Ambulare.app */ = {isa = PBXFileReference; explicitFileType = wrapper.application; includeInIndex = 0; path = Ambulare.app; sourceTree = BUILT_PRODUCTS_DIR; };
		2C6AC5A518D063D600F3E4F0 /* Foundation.framework */ = {isa = PBXFileReference; lastKnownFileType = wrapper.framework; name = Foundation.framework; path = System/Library/Frameworks/Foundation.framework; sourceTree = SDKROOT; };
		2C6AC5A718D063D600F3E4F0 /* CoreGraphics.framework */ = {isa = PBXFileReference; lastKnownFileType = wrapper.framework; name = CoreGraphics.framework; path = System/Library/Frameworks/CoreGraphics.framework; sourceTree = SDKROOT; };
		2C6AC5A918D063D600F3E4F0 /* UIKit.framework */ = {isa = PBXFileReference; lastKnownFileType = wrapper.framework; name = UIKit.framework; path = System/Library/Frameworks/UIKit.framework; sourceTree = SDKROOT; };
		2C6AC5AD18D063D600F3E4F0 /* Ambulare-Info.plist */ = {isa = PBXFileReference; lastKnownFileType = text.plist.xml; path = "Ambulare-Info.plist"; sourceTree = "<group>"; };
		2C6AC5AF18D063D600F3E4F0 /* en */ = {isa = PBXFileReference; lastKnownFileType = text.plist.strings; name = en; path = en.lproj/InfoPlist.strings; sourceTree = "<group>"; };
		2C6AC5B118D063D600F3E4F0 /* main.m */ = {isa = PBXFileReference; lastKnownFileType = sourcecode.c.objc; path = main.m; sourceTree = "<group>"; };
		2C6AC5B318D063D600F3E4F0 /* Ambulare-Prefix.pch */ = {isa = PBXFileReference; lastKnownFileType = sourcecode.c.h; path = "Ambulare-Prefix.pch"; sourceTree = "<group>"; };
		2C6AC5B418D063D600F3E4F0 /* AmbulareAppDelegate.h */ = {isa = PBXFileReference; lastKnownFileType = sourcecode.c.h; path = AmbulareAppDelegate.h; sourceTree = "<group>"; };
		2C6AC5B518D063D600F3E4F0 /* AmbulareAppDelegate.m */ = {isa = PBXFileReference; lastKnownFileType = sourcecode.c.objc; path = AmbulareAppDelegate.m; sourceTree = "<group>"; };
		2C6AC5B818D063D600F3E4F0 /* Base */ = {isa = PBXFileReference; lastKnownFileType = file.storyboard; name = Base; path = Base.lproj/Main.storyboard; sourceTree = "<group>"; };
		2C6AC5BA18D063D600F3E4F0 /* AmbulareViewController.h */ = {isa = PBXFileReference; lastKnownFileType = sourcecode.c.h; path = AmbulareViewController.h; sourceTree = "<group>"; };
		2C6AC5BB18D063D600F3E4F0 /* AmbulareViewController.m */ = {isa = PBXFileReference; lastKnownFileType = sourcecode.c.objc; path = AmbulareViewController.m; sourceTree = "<group>"; };
		2C6AC5BD18D063D600F3E4F0 /* Images.xcassets */ = {isa = PBXFileReference; lastKnownFileType = folder.assetcatalog; path = Images.xcassets; sourceTree = "<group>"; };
		2C6AC5C318D063D600F3E4F0 /* AmbulareTests.xctest */ = {isa = PBXFileReference; explicitFileType = wrapper.cfbundle; includeInIndex = 0; path = AmbulareTests.xctest; sourceTree = BUILT_PRODUCTS_DIR; };
		2C6AC5C418D063D600F3E4F0 /* XCTest.framework */ = {isa = PBXFileReference; lastKnownFileType = wrapper.framework; name = XCTest.framework; path = Library/Frameworks/XCTest.framework; sourceTree = DEVELOPER_DIR; };
		2C6AC5CC18D063D600F3E4F0 /* AmbulareTests-Info.plist */ = {isa = PBXFileReference; lastKnownFileType = text.plist.xml; path = "AmbulareTests-Info.plist"; sourceTree = "<group>"; };
		2C6AC5CE18D063D600F3E4F0 /* en */ = {isa = PBXFileReference; lastKnownFileType = text.plist.strings; name = en; path = en.lproj/InfoPlist.strings; sourceTree = "<group>"; };
		2C6AC5D018D063D600F3E4F0 /* AmbulareTests.m */ = {isa = PBXFileReference; lastKnownFileType = sourcecode.c.objc; path = AmbulareTests.m; sourceTree = "<group>"; };
		2C6AC5DA18D0643700F3E4F0 /* Default@2x.png */ = {isa = PBXFileReference; lastKnownFileType = image.png; path = "Default@2x.png"; sourceTree = "<group>"; };
		2CBC46CE18E03AEA00020DB7 /* AmbulareRotaCell.h */ = {isa = PBXFileReference; fileEncoding = 4; lastKnownFileType = sourcecode.c.h; path = AmbulareRotaCell.h; sourceTree = "<group>"; };
		2CBC46CF18E03AEA00020DB7 /* AmbulareRotaCell.m */ = {isa = PBXFileReference; fileEncoding = 4; lastKnownFileType = sourcecode.c.objc; path = AmbulareRotaCell.m; sourceTree = "<group>"; };
		2CBC46D318E03CA600020DB7 /* AmbulareRotaCell.xib */ = {isa = PBXFileReference; fileEncoding = 4; lastKnownFileType = file.xib; path = AmbulareRotaCell.xib; sourceTree = SOURCE_ROOT; };
		2CBC46D518E0552600020DB7 /* CoordenadasEntity.h */ = {isa = PBXFileReference; fileEncoding = 4; lastKnownFileType = sourcecode.c.h; name = CoordenadasEntity.h; path = ../CoordenadasEntity.h; sourceTree = "<group>"; };
		2CBC46D618E0552600020DB7 /* CoordenadasEntity.m */ = {isa = PBXFileReference; fileEncoding = 4; lastKnownFileType = sourcecode.c.objc; name = CoordenadasEntity.m; path = ../CoordenadasEntity.m; sourceTree = "<group>"; };
		9607D18518E0A7C600C1ED7C /* customPin.png */ = {isa = PBXFileReference; lastKnownFileType = image.png; path = customPin.png; sourceTree = "<group>"; };
		9607D19018E1F66C00C1ED7C /* bt_gravarPercurso.png */ = {isa = PBXFileReference; lastKnownFileType = image.png; path = bt_gravarPercurso.png; sourceTree = "<group>"; };
		9607D19218E1F78900C1ED7C /* bt_stop.png */ = {isa = PBXFileReference; lastKnownFileType = image.png; path = bt_stop.png; sourceTree = "<group>"; };
		9607D19418E1F89100C1ED7C /* bt_back.png */ = {isa = PBXFileReference; lastKnownFileType = image.png; path = bt_back.png; sourceTree = "<group>"; };
		9608EFE618D8A2B00000DA32 /* background1.png */ = {isa = PBXFileReference; lastKnownFileType = image.png; path = background1.png; sourceTree = "<group>"; };
		9634F05B18DDA76C00091392 /* AmbulareModel.xcdatamodel */ = {isa = PBXFileReference; lastKnownFileType = wrapper.xcdatamodel; path = AmbulareModel.xcdatamodel; sourceTree = "<group>"; };
		9634F0AD18DDB0A900091392 /* CoreData.framework */ = {isa = PBXFileReference; lastKnownFileType = wrapper.framework; name = CoreData.framework; path = System/Library/Frameworks/CoreData.framework; sourceTree = SDKROOT; };
		9634F0AF18DDFA8800091392 /* RotaEntity.h */ = {isa = PBXFileReference; fileEncoding = 4; lastKnownFileType = sourcecode.c.h; path = RotaEntity.h; sourceTree = "<group>"; };
		9634F0B018DDFA8800091392 /* RotaEntity.m */ = {isa = PBXFileReference; fileEncoding = 4; lastKnownFileType = sourcecode.c.objc; path = RotaEntity.m; sourceTree = "<group>"; };
		9648AC2A18D476A600F633AC /* swipe_gesture.png */ = {isa = PBXFileReference; lastKnownFileType = image.png; path = swipe_gesture.png; sourceTree = "<group>"; };
		9648AC6D18D4D80700F633AC /* AmbulareGPSRecViewController.h */ = {isa = PBXFileReference; fileEncoding = 4; lastKnownFileType = sourcecode.c.h; path = AmbulareGPSRecViewController.h; sourceTree = "<group>"; };
		9648AC6E18D4D80700F633AC /* AmbulareGPSRecViewController.m */ = {isa = PBXFileReference; fileEncoding = 4; lastKnownFileType = sourcecode.c.objc; path = AmbulareGPSRecViewController.m; sourceTree = "<group>"; };
		9648AC7018D5F50200F633AC /* CoreLocation.framework */ = {isa = PBXFileReference; lastKnownFileType = wrapper.framework; name = CoreLocation.framework; path = System/Library/Frameworks/CoreLocation.framework; sourceTree = SDKROOT; };
		9648AC7218D5F51200F633AC /* MapKit.framework */ = {isa = PBXFileReference; lastKnownFileType = wrapper.framework; name = MapKit.framework; path = System/Library/Frameworks/MapKit.framework; sourceTree = SDKROOT; };
		96854FBB18DEEA820046A398 /* AmbulareShowRotasViewController.h */ = {isa = PBXFileReference; fileEncoding = 4; lastKnownFileType = sourcecode.c.h; path = AmbulareShowRotasViewController.h; sourceTree = "<group>"; };
		96854FBC18DEEA820046A398 /* AmbulareShowRotasViewController.m */ = {isa = PBXFileReference; fileEncoding = 4; lastKnownFileType = sourcecode.c.objc; path = AmbulareShowRotasViewController.m; sourceTree = "<group>"; };
		96854FBE18DF23700046A398 /* AmbulareRotaDetailViewController.h */ = {isa = PBXFileReference; fileEncoding = 4; lastKnownFileType = sourcecode.c.h; path = AmbulareRotaDetailViewController.h; sourceTree = "<group>"; };
		96854FBF18DF23700046A398 /* AmbulareRotaDetailViewController.m */ = {isa = PBXFileReference; fileEncoding = 4; lastKnownFileType = sourcecode.c.objc; path = AmbulareRotaDetailViewController.m; sourceTree = "<group>"; };
/* End PBXFileReference section */

/* Begin PBXFrameworksBuildPhase section */
		2C6AC59F18D063D600F3E4F0 /* Frameworks */ = {
			isa = PBXFrameworksBuildPhase;
			buildActionMask = 2147483647;
			files = (
				9634F0AE18DDB0A900091392 /* CoreData.framework in Frameworks */,
				9648AC7318D5F51200F633AC /* MapKit.framework in Frameworks */,
				9648AC7118D5F50200F633AC /* CoreLocation.framework in Frameworks */,
				2C6AC5A818D063D600F3E4F0 /* CoreGraphics.framework in Frameworks */,
				2C6AC5AA18D063D600F3E4F0 /* UIKit.framework in Frameworks */,
				2C6AC5A618D063D600F3E4F0 /* Foundation.framework in Frameworks */,
			);
			runOnlyForDeploymentPostprocessing = 0;
		};
		2C6AC5C018D063D600F3E4F0 /* Frameworks */ = {
			isa = PBXFrameworksBuildPhase;
			buildActionMask = 2147483647;
			files = (
				2C6AC5C518D063D600F3E4F0 /* XCTest.framework in Frameworks */,
				2C6AC5C718D063D600F3E4F0 /* UIKit.framework in Frameworks */,
				2C6AC5C618D063D600F3E4F0 /* Foundation.framework in Frameworks */,
			);
			runOnlyForDeploymentPostprocessing = 0;
		};
/* End PBXFrameworksBuildPhase section */

/* Begin PBXGroup section */
		2C6AC59918D063D600F3E4F0 = {
			isa = PBXGroup;
			children = (
				2C6AC5AB18D063D600F3E4F0 /* Ambulare */,
				2C6AC5CA18D063D600F3E4F0 /* AmbulareTests */,
				2C6AC5A418D063D600F3E4F0 /* Frameworks */,
				2C6AC5A318D063D600F3E4F0 /* Products */,
			);
			sourceTree = "<group>";
		};
		2C6AC5A318D063D600F3E4F0 /* Products */ = {
			isa = PBXGroup;
			children = (
				2C6AC5A218D063D600F3E4F0 /* Ambulare.app */,
				2C6AC5C318D063D600F3E4F0 /* AmbulareTests.xctest */,
			);
			name = Products;
			sourceTree = "<group>";
		};
		2C6AC5A418D063D600F3E4F0 /* Frameworks */ = {
			isa = PBXGroup;
			children = (
				9634F0AD18DDB0A900091392 /* CoreData.framework */,
				9648AC7218D5F51200F633AC /* MapKit.framework */,
				9648AC7018D5F50200F633AC /* CoreLocation.framework */,
				2C6AC5A518D063D600F3E4F0 /* Foundation.framework */,
				2C6AC5A718D063D600F3E4F0 /* CoreGraphics.framework */,
				2C6AC5A918D063D600F3E4F0 /* UIKit.framework */,
				2C6AC5C418D063D600F3E4F0 /* XCTest.framework */,
			);
			name = Frameworks;
			sourceTree = "<group>";
		};
		2C6AC5AB18D063D600F3E4F0 /* Ambulare */ = {
			isa = PBXGroup;
			children = (
				2CBC46D518E0552600020DB7 /* CoordenadasEntity.h */,
				2CBC46D618E0552600020DB7 /* CoordenadasEntity.m */,
				2C6AC5B418D063D600F3E4F0 /* AmbulareAppDelegate.h */,
				2C6AC5B518D063D600F3E4F0 /* AmbulareAppDelegate.m */,
				2C6AC5B718D063D600F3E4F0 /* Main.storyboard */,
				2CBC46D318E03CA600020DB7 /* AmbulareRotaCell.xib */,
				2CBC46CE18E03AEA00020DB7 /* AmbulareRotaCell.h */,
				2CBC46CF18E03AEA00020DB7 /* AmbulareRotaCell.m */,
				96854FBB18DEEA820046A398 /* AmbulareShowRotasViewController.h */,
				96854FBC18DEEA820046A398 /* AmbulareShowRotasViewController.m */,
				96854FBE18DF23700046A398 /* AmbulareRotaDetailViewController.h */,
				96854FBF18DF23700046A398 /* AmbulareRotaDetailViewController.m */,
				2C6AC5BA18D063D600F3E4F0 /* AmbulareViewController.h */,
				2C6AC5BB18D063D600F3E4F0 /* AmbulareViewController.m */,
				9648AC6D18D4D80700F633AC /* AmbulareGPSRecViewController.h */,
				9648AC6E18D4D80700F633AC /* AmbulareGPSRecViewController.m */,
				9634F05A18DDA76C00091392 /* AmbulareModel.xcdatamodeld */,
				9634F0AF18DDFA8800091392 /* RotaEntity.h */,
				9634F0B018DDFA8800091392 /* RotaEntity.m */,
				2C6AC5BD18D063D600F3E4F0 /* Images.xcassets */,
				2C6AC5AC18D063D600F3E4F0 /* Supporting Files */,
			);
			path = Ambulare;
			sourceTree = "<group>";
		};
		2C6AC5AC18D063D600F3E4F0 /* Supporting Files */ = {
			isa = PBXGroup;
			children = (
				9607D19018E1F66C00C1ED7C /* bt_gravarPercurso.png */,
				9607D19218E1F78900C1ED7C /* bt_stop.png */,
				9607D19418E1F89100C1ED7C /* bt_back.png */,
				9607D18518E0A7C600C1ED7C /* customPin.png */,
				9608EFE618D8A2B00000DA32 /* background1.png */,
				2C6AC5DA18D0643700F3E4F0 /* Default@2x.png */,
				2C6AC5AD18D063D600F3E4F0 /* Ambulare-Info.plist */,
				9648AC2A18D476A600F633AC /* swipe_gesture.png */,
				2C6AC5AE18D063D600F3E4F0 /* InfoPlist.strings */,
				2C6AC5B118D063D600F3E4F0 /* main.m */,
				2C6AC5B318D063D600F3E4F0 /* Ambulare-Prefix.pch */,
			);
			name = "Supporting Files";
			sourceTree = "<group>";
		};
		2C6AC5CA18D063D600F3E4F0 /* AmbulareTests */ = {
			isa = PBXGroup;
			children = (
				2C6AC5D018D063D600F3E4F0 /* AmbulareTests.m */,
				2C6AC5CB18D063D600F3E4F0 /* Supporting Files */,
			);
			path = AmbulareTests;
			sourceTree = "<group>";
		};
		2C6AC5CB18D063D600F3E4F0 /* Supporting Files */ = {
			isa = PBXGroup;
			children = (
				2C6AC5CC18D063D600F3E4F0 /* AmbulareTests-Info.plist */,
				2C6AC5CD18D063D600F3E4F0 /* InfoPlist.strings */,
			);
			name = "Supporting Files";
			sourceTree = "<group>";
		};
/* End PBXGroup section */

/* Begin PBXNativeTarget section */
		2C6AC5A118D063D600F3E4F0 /* Ambulare */ = {
			isa = PBXNativeTarget;
			buildConfigurationList = 2C6AC5D418D063D600F3E4F0 /* Build configuration list for PBXNativeTarget "Ambulare" */;
			buildPhases = (
				2C6AC59E18D063D600F3E4F0 /* Sources */,
				2C6AC59F18D063D600F3E4F0 /* Frameworks */,
				2C6AC5A018D063D600F3E4F0 /* Resources */,
			);
			buildRules = (
			);
			dependencies = (
			);
			name = Ambulare;
			productName = Ambulare;
			productReference = 2C6AC5A218D063D600F3E4F0 /* Ambulare.app */;
			productType = "com.apple.product-type.application";
		};
		2C6AC5C218D063D600F3E4F0 /* AmbulareTests */ = {
			isa = PBXNativeTarget;
			buildConfigurationList = 2C6AC5D718D063D600F3E4F0 /* Build configuration list for PBXNativeTarget "AmbulareTests" */;
			buildPhases = (
				2C6AC5BF18D063D600F3E4F0 /* Sources */,
				2C6AC5C018D063D600F3E4F0 /* Frameworks */,
				2C6AC5C118D063D600F3E4F0 /* Resources */,
			);
			buildRules = (
			);
			dependencies = (
				2C6AC5C918D063D600F3E4F0 /* PBXTargetDependency */,
			);
			name = AmbulareTests;
			productName = AmbulareTests;
			productReference = 2C6AC5C318D063D600F3E4F0 /* AmbulareTests.xctest */;
			productType = "com.apple.product-type.bundle.unit-test";
		};
/* End PBXNativeTarget section */

/* Begin PBXProject section */
		2C6AC59A18D063D600F3E4F0 /* Project object */ = {
			isa = PBXProject;
			attributes = {
				CLASSPREFIX = Ambulare;
				LastUpgradeCheck = 0500;
				ORGANIZATIONNAME = "Paulo Martins";
				TargetAttributes = {
					2C6AC5C218D063D600F3E4F0 = {
						TestTargetID = 2C6AC5A118D063D600F3E4F0;
					};
				};
			};
			buildConfigurationList = 2C6AC59D18D063D600F3E4F0 /* Build configuration list for PBXProject "Ambulare" */;
			compatibilityVersion = "Xcode 3.2";
			developmentRegion = English;
			hasScannedForEncodings = 0;
			knownRegions = (
				en,
				Base,
			);
			mainGroup = 2C6AC59918D063D600F3E4F0;
			productRefGroup = 2C6AC5A318D063D600F3E4F0 /* Products */;
			projectDirPath = "";
			projectRoot = "";
			targets = (
				2C6AC5A118D063D600F3E4F0 /* Ambulare */,
				2C6AC5C218D063D600F3E4F0 /* AmbulareTests */,
			);
		};
/* End PBXProject section */

/* Begin PBXResourcesBuildPhase section */
		2C6AC5A018D063D600F3E4F0 /* Resources */ = {
			isa = PBXResourcesBuildPhase;
			buildActionMask = 2147483647;
			files = (
				2C6AC5DB18D0643700F3E4F0 /* Default@2x.png in Resources */,
				9607D19318E1F78900C1ED7C /* bt_stop.png in Resources */,
				9608EFE718D8A2B00000DA32 /* background1.png in Resources */,
				9607D18618E0A7C600C1ED7C /* customPin.png in Resources */,
				9607D19118E1F66C00C1ED7C /* bt_gravarPercurso.png in Resources */,
				2CBC46D418E03CA600020DB7 /* AmbulareRotaCell.xib in Resources */,
				9607D19518E1F89100C1ED7C /* bt_back.png in Resources */,
				9648AC2B18D476A600F633AC /* swipe_gesture.png in Resources */,
				2C6AC5BE18D063D600F3E4F0 /* Images.xcassets in Resources */,
				2C6AC5B018D063D600F3E4F0 /* InfoPlist.strings in Resources */,
				2C6AC5B918D063D600F3E4F0 /* Main.storyboard in Resources */,
			);
			runOnlyForDeploymentPostprocessing = 0;
		};
		2C6AC5C118D063D600F3E4F0 /* Resources */ = {
			isa = PBXResourcesBuildPhase;
			buildActionMask = 2147483647;
			files = (
				2C6AC5CF18D063D600F3E4F0 /* InfoPlist.strings in Resources */,
			);
			runOnlyForDeploymentPostprocessing = 0;
		};
/* End PBXResourcesBuildPhase section */

/* Begin PBXSourcesBuildPhase section */
		2C6AC59E18D063D600F3E4F0 /* Sources */ = {
			isa = PBXSourcesBuildPhase;
			buildActionMask = 2147483647;
			files = (
				9634F0B118DDFA8800091392 /* RotaEntity.m in Sources */,
				2C6AC5BC18D063D600F3E4F0 /* AmbulareViewController.m in Sources */,
				96854FBD18DEEA820046A398 /* AmbulareShowRotasViewController.m in Sources */,
				2C6AC5B218D063D600F3E4F0 /* main.m in Sources */,
				9634F05C18DDA76C00091392 /* AmbulareModel.xcdatamodeld in Sources */,
				2CBC46D018E03AEA00020DB7 /* AmbulareRotaCell.m in Sources */,
				2CBC46D718E0552600020DB7 /* CoordenadasEntity.m in Sources */,
				96854FC018DF23700046A398 /* AmbulareRotaDetailViewController.m in Sources */,
				9648AC6F18D4D80700F633AC /* AmbulareGPSRecViewController.m in Sources */,
				2C6AC5B618D063D600F3E4F0 /* AmbulareAppDelegate.m in Sources */,
			);
			runOnlyForDeploymentPostprocessing = 0;
		};
		2C6AC5BF18D063D600F3E4F0 /* Sources */ = {
			isa = PBXSourcesBuildPhase;
			buildActionMask = 2147483647;
			files = (
				2C6AC5D118D063D600F3E4F0 /* AmbulareTests.m in Sources */,
			);
			runOnlyForDeploymentPostprocessing = 0;
		};
/* End PBXSourcesBuildPhase section */

/* Begin PBXTargetDependency section */
		2C6AC5C918D063D600F3E4F0 /* PBXTargetDependency */ = {
			isa = PBXTargetDependency;
			target = 2C6AC5A118D063D600F3E4F0 /* Ambulare */;
			targetProxy = 2C6AC5C818D063D600F3E4F0 /* PBXContainerItemProxy */;
		};
/* End PBXTargetDependency section */

/* Begin PBXVariantGroup section */
		2C6AC5AE18D063D600F3E4F0 /* InfoPlist.strings */ = {
			isa = PBXVariantGroup;
			children = (
				2C6AC5AF18D063D600F3E4F0 /* en */,
			);
			name = InfoPlist.strings;
			sourceTree = "<group>";
		};
		2C6AC5B718D063D600F3E4F0 /* Main.storyboard */ = {
			isa = PBXVariantGroup;
			children = (
				2C6AC5B818D063D600F3E4F0 /* Base */,
			);
			name = Main.storyboard;
			sourceTree = "<group>";
		};
		2C6AC5CD18D063D600F3E4F0 /* InfoPlist.strings */ = {
			isa = PBXVariantGroup;
			children = (
				2C6AC5CE18D063D600F3E4F0 /* en */,
			);
			name = InfoPlist.strings;
			sourceTree = "<group>";
		};
/* End PBXVariantGroup section */

/* Begin XCBuildConfiguration section */
		2C6AC5D218D063D600F3E4F0 /* Debug */ = {
			isa = XCBuildConfiguration;
			buildSettings = {
				ALWAYS_SEARCH_USER_PATHS = NO;
				ARCHS = "$(ARCHS_STANDARD_INCLUDING_64_BIT)";
				CLANG_CXX_LANGUAGE_STANDARD = "gnu++0x";
				CLANG_CXX_LIBRARY = "libc++";
				CLANG_ENABLE_MODULES = YES;
				CLANG_ENABLE_OBJC_ARC = YES;
				CLANG_WARN_BOOL_CONVERSION = YES;
				CLANG_WARN_CONSTANT_CONVERSION = YES;
				CLANG_WARN_DIRECT_OBJC_ISA_USAGE = YES_ERROR;
				CLANG_WARN_EMPTY_BODY = YES;
				CLANG_WARN_ENUM_CONVERSION = YES;
				CLANG_WARN_INT_CONVERSION = YES;
				CLANG_WARN_OBJC_ROOT_CLASS = YES_ERROR;
				CLANG_WARN__DUPLICATE_METHOD_MATCH = YES;
				"CODE_SIGN_IDENTITY[sdk=iphoneos*]" = "iPhone Developer";
				COPY_PHASE_STRIP = NO;
				GCC_C_LANGUAGE_STANDARD = gnu99;
				GCC_DYNAMIC_NO_PIC = NO;
				GCC_OPTIMIZATION_LEVEL = 0;
				GCC_PREPROCESSOR_DEFINITIONS = (
					"DEBUG=1",
					"$(inherited)",
				);
				GCC_SYMBOLS_PRIVATE_EXTERN = NO;
				GCC_WARN_64_TO_32_BIT_CONVERSION = YES;
				GCC_WARN_ABOUT_RETURN_TYPE = YES_ERROR;
				GCC_WARN_UNDECLARED_SELECTOR = YES;
				GCC_WARN_UNINITIALIZED_AUTOS = YES;
				GCC_WARN_UNUSED_FUNCTION = YES;
				GCC_WARN_UNUSED_VARIABLE = YES;
				IPHONEOS_DEPLOYMENT_TARGET = 7.0;
				ONLY_ACTIVE_ARCH = YES;
				SDKROOT = iphoneos;
			};
			name = Debug;
		};
		2C6AC5D318D063D600F3E4F0 /* Release */ = {
			isa = XCBuildConfiguration;
			buildSettings = {
				ALWAYS_SEARCH_USER_PATHS = NO;
				ARCHS = "$(ARCHS_STANDARD_INCLUDING_64_BIT)";
				CLANG_CXX_LANGUAGE_STANDARD = "gnu++0x";
				CLANG_CXX_LIBRARY = "libc++";
				CLANG_ENABLE_MODULES = YES;
				CLANG_ENABLE_OBJC_ARC = YES;
				CLANG_WARN_BOOL_CONVERSION = YES;
				CLANG_WARN_CONSTANT_CONVERSION = YES;
				CLANG_WARN_DIRECT_OBJC_ISA_USAGE = YES_ERROR;
				CLANG_WARN_EMPTY_BODY = YES;
				CLANG_WARN_ENUM_CONVERSION = YES;
				CLANG_WARN_INT_CONVERSION = YES;
				CLANG_WARN_OBJC_ROOT_CLASS = YES_ERROR;
				CLANG_WARN__DUPLICATE_METHOD_MATCH = YES;
				"CODE_SIGN_IDENTITY[sdk=iphoneos*]" = "iPhone Developer";
				COPY_PHASE_STRIP = YES;
				ENABLE_NS_ASSERTIONS = NO;
				GCC_C_LANGUAGE_STANDARD = gnu99;
				GCC_WARN_64_TO_32_BIT_CONVERSION = YES;
				GCC_WARN_ABOUT_RETURN_TYPE = YES_ERROR;
				GCC_WARN_UNDECLARED_SELECTOR = YES;
				GCC_WARN_UNINITIALIZED_AUTOS = YES;
				GCC_WARN_UNUSED_FUNCTION = YES;
				GCC_WARN_UNUSED_VARIABLE = YES;
				IPHONEOS_DEPLOYMENT_TARGET = 7.0;
				SDKROOT = iphoneos;
				VALIDATE_PRODUCT = YES;
			};
			name = Release;
		};
		2C6AC5D518D063D600F3E4F0 /* Debug */ = {
			isa = XCBuildConfiguration;
			buildSettings = {
				ASSETCATALOG_COMPILER_APPICON_NAME = AppIcon;
				ASSETCATALOG_COMPILER_LAUNCHIMAGE_NAME = LaunchImage;
				GCC_PRECOMPILE_PREFIX_HEADER = YES;
				GCC_PREFIX_HEADER = "Ambulare/Ambulare-Prefix.pch";
				INFOPLIST_FILE = "Ambulare/Ambulare-Info.plist";
				PRODUCT_NAME = "$(TARGET_NAME)";
				WRAPPER_EXTENSION = app;
			};
			name = Debug;
		};
		2C6AC5D618D063D600F3E4F0 /* Release */ = {
			isa = XCBuildConfiguration;
			buildSettings = {
				ASSETCATALOG_COMPILER_APPICON_NAME = AppIcon;
				ASSETCATALOG_COMPILER_LAUNCHIMAGE_NAME = LaunchImage;
				GCC_PRECOMPILE_PREFIX_HEADER = YES;
				GCC_PREFIX_HEADER = "Ambulare/Ambulare-Prefix.pch";
				INFOPLIST_FILE = "Ambulare/Ambulare-Info.plist";
				PRODUCT_NAME = "$(TARGET_NAME)";
				WRAPPER_EXTENSION = app;
			};
			name = Release;
		};
		2C6AC5D818D063D600F3E4F0 /* Debug */ = {
			isa = XCBuildConfiguration;
			buildSettings = {
				ARCHS = "$(ARCHS_STANDARD_INCLUDING_64_BIT)";
				BUNDLE_LOADER = "$(BUILT_PRODUCTS_DIR)/Ambulare.app/Ambulare";
				FRAMEWORK_SEARCH_PATHS = (
					"$(SDKROOT)/Developer/Library/Frameworks",
					"$(inherited)",
					"$(DEVELOPER_FRAMEWORKS_DIR)",
				);
				GCC_PRECOMPILE_PREFIX_HEADER = YES;
				GCC_PREFIX_HEADER = "Ambulare/Ambulare-Prefix.pch";
				GCC_PREPROCESSOR_DEFINITIONS = (
					"DEBUG=1",
					"$(inherited)",
				);
				INFOPLIST_FILE = "AmbulareTests/AmbulareTests-Info.plist";
				PRODUCT_NAME = "$(TARGET_NAME)";
				TEST_HOST = "$(BUNDLE_LOADER)";
				WRAPPER_EXTENSION = xctest;
			};
			name = Debug;
		};
		2C6AC5D918D063D600F3E4F0 /* Release */ = {
			isa = XCBuildConfiguration;
			buildSettings = {
				ARCHS = "$(ARCHS_STANDARD_INCLUDING_64_BIT)";
				BUNDLE_LOADER = "$(BUILT_PRODUCTS_DIR)/Ambulare.app/Ambulare";
				FRAMEWORK_SEARCH_PATHS = (
					"$(SDKROOT)/Developer/Library/Frameworks",
					"$(inherited)",
					"$(DEVELOPER_FRAMEWORKS_DIR)",
				);
				GCC_PRECOMPILE_PREFIX_HEADER = YES;
				GCC_PREFIX_HEADER = "Ambulare/Ambulare-Prefix.pch";
				INFOPLIST_FILE = "AmbulareTests/AmbulareTests-Info.plist";
				PRODUCT_NAME = "$(TARGET_NAME)";
				TEST_HOST = "$(BUNDLE_LOADER)";
				WRAPPER_EXTENSION = xctest;
			};
			name = Release;
		};
/* End XCBuildConfiguration section */

/* Begin XCConfigurationList section */
		2C6AC59D18D063D600F3E4F0 /* Build configuration list for PBXProject "Ambulare" */ = {
			isa = XCConfigurationList;
			buildConfigurations = (
				2C6AC5D218D063D600F3E4F0 /* Debug */,
				2C6AC5D318D063D600F3E4F0 /* Release */,
			);
			defaultConfigurationIsVisible = 0;
			defaultConfigurationName = Release;
		};
		2C6AC5D418D063D600F3E4F0 /* Build configuration list for PBXNativeTarget "Ambulare" */ = {
			isa = XCConfigurationList;
			buildConfigurations = (
				2C6AC5D518D063D600F3E4F0 /* Debug */,
				2C6AC5D618D063D600F3E4F0 /* Release */,
			);
			defaultConfigurationIsVisible = 0;
			defaultConfigurationName = Release;
		};
		2C6AC5D718D063D600F3E4F0 /* Build configuration list for PBXNativeTarget "AmbulareTests" */ = {
			isa = XCConfigurationList;
			buildConfigurations = (
				2C6AC5D818D063D600F3E4F0 /* Debug */,
				2C6AC5D918D063D600F3E4F0 /* Release */,
			);
			defaultConfigurationIsVisible = 0;
			defaultConfigurationName = Release;
		};
/* End XCConfigurationList section */

/* Begin XCVersionGroup section */
		9634F05A18DDA76C00091392 /* AmbulareModel.xcdatamodeld */ = {
			isa = XCVersionGroup;
			children = (
				9634F05B18DDA76C00091392 /* AmbulareModel.xcdatamodel */,
			);
			currentVersion = 9634F05B18DDA76C00091392 /* AmbulareModel.xcdatamodel */;
			path = AmbulareModel.xcdatamodeld;
			sourceTree = "<group>";
			versionGroupType = wrapper.xcdatamodel;
		};
/* End XCVersionGroup section */
	};
	rootObject = 2C6AC59A18D063D600F3E4F0 /* Project object */;
}
