// !$*UTF8*$!
{
	archiveVersion = 1;
	classes = {
	};
	objectVersion = 46;
	objects = {

/* Begin PBXBuildFile section */
		968B976A18D2006900EB51D9 /* Foundation.framework in Frameworks */ = {isa = PBXBuildFile; fileRef = 968B976918D2006900EB51D9 /* Foundation.framework */; };
		968B976C18D2006900EB51D9 /* CoreGraphics.framework in Frameworks */ = {isa = PBXBuildFile; fileRef = 968B976B18D2006900EB51D9 /* CoreGraphics.framework */; };
		968B976E18D2006900EB51D9 /* UIKit.framework in Frameworks */ = {isa = PBXBuildFile; fileRef = 968B976D18D2006900EB51D9 /* UIKit.framework */; };
		968B977418D2006900EB51D9 /* InfoPlist.strings in Resources */ = {isa = PBXBuildFile; fileRef = 968B977218D2006900EB51D9 /* InfoPlist.strings */; };
		968B977618D2006900EB51D9 /* main.m in Sources */ = {isa = PBXBuildFile; fileRef = 968B977518D2006900EB51D9 /* main.m */; };
		968B977A18D2006900EB51D9 /* ExpAppDelegate.m in Sources */ = {isa = PBXBuildFile; fileRef = 968B977918D2006900EB51D9 /* ExpAppDelegate.m */; };
		968B977D18D2006900EB51D9 /* Main.storyboard in Resources */ = {isa = PBXBuildFile; fileRef = 968B977B18D2006900EB51D9 /* Main.storyboard */; };
		968B978018D2006900EB51D9 /* ExpViewController.m in Sources */ = {isa = PBXBuildFile; fileRef = 968B977F18D2006900EB51D9 /* ExpViewController.m */; };
		968B978218D2006900EB51D9 /* Images.xcassets in Resources */ = {isa = PBXBuildFile; fileRef = 968B978118D2006900EB51D9 /* Images.xcassets */; };
		968B978918D2006900EB51D9 /* XCTest.framework in Frameworks */ = {isa = PBXBuildFile; fileRef = 968B978818D2006900EB51D9 /* XCTest.framework */; };
		968B978A18D2006900EB51D9 /* Foundation.framework in Frameworks */ = {isa = PBXBuildFile; fileRef = 968B976918D2006900EB51D9 /* Foundation.framework */; };
		968B978B18D2006900EB51D9 /* UIKit.framework in Frameworks */ = {isa = PBXBuildFile; fileRef = 968B976D18D2006900EB51D9 /* UIKit.framework */; };
		968B979318D2006900EB51D9 /* InfoPlist.strings in Resources */ = {isa = PBXBuildFile; fileRef = 968B979118D2006900EB51D9 /* InfoPlist.strings */; };
		968B979518D2006900EB51D9 /* SimpleGesturesTests.m in Sources */ = {isa = PBXBuildFile; fileRef = 968B979418D2006900EB51D9 /* SimpleGesturesTests.m */; };
/* End PBXBuildFile section */

/* Begin PBXContainerItemProxy section */
		968B978C18D2006900EB51D9 /* PBXContainerItemProxy */ = {
			isa = PBXContainerItemProxy;
			containerPortal = 968B975E18D2006800EB51D9 /* Project object */;
			proxyType = 1;
			remoteGlobalIDString = 968B976518D2006900EB51D9;
			remoteInfo = SimpleGestures;
		};
/* End PBXContainerItemProxy section */

/* Begin PBXFileReference section */
		968B976618D2006900EB51D9 /* SimpleGestures.app */ = {isa = PBXFileReference; explicitFileType = wrapper.application; includeInIndex = 0; path = SimpleGestures.app; sourceTree = BUILT_PRODUCTS_DIR; };
		968B976918D2006900EB51D9 /* Foundation.framework */ = {isa = PBXFileReference; lastKnownFileType = wrapper.framework; name = Foundation.framework; path = System/Library/Frameworks/Foundation.framework; sourceTree = SDKROOT; };
		968B976B18D2006900EB51D9 /* CoreGraphics.framework */ = {isa = PBXFileReference; lastKnownFileType = wrapper.framework; name = CoreGraphics.framework; path = System/Library/Frameworks/CoreGraphics.framework; sourceTree = SDKROOT; };
		968B976D18D2006900EB51D9 /* UIKit.framework */ = {isa = PBXFileReference; lastKnownFileType = wrapper.framework; name = UIKit.framework; path = System/Library/Frameworks/UIKit.framework; sourceTree = SDKROOT; };
		968B977118D2006900EB51D9 /* SimpleGestures-Info.plist */ = {isa = PBXFileReference; lastKnownFileType = text.plist.xml; path = "SimpleGestures-Info.plist"; sourceTree = "<group>"; };
		968B977318D2006900EB51D9 /* en */ = {isa = PBXFileReference; lastKnownFileType = text.plist.strings; name = en; path = en.lproj/InfoPlist.strings; sourceTree = "<group>"; };
		968B977518D2006900EB51D9 /* main.m */ = {isa = PBXFileReference; lastKnownFileType = sourcecode.c.objc; path = main.m; sourceTree = "<group>"; };
		968B977718D2006900EB51D9 /* SimpleGestures-Prefix.pch */ = {isa = PBXFileReference; lastKnownFileType = sourcecode.c.h; path = "SimpleGestures-Prefix.pch"; sourceTree = "<group>"; };
		968B977818D2006900EB51D9 /* ExpAppDelegate.h */ = {isa = PBXFileReference; lastKnownFileType = sourcecode.c.h; path = ExpAppDelegate.h; sourceTree = "<group>"; };
		968B977918D2006900EB51D9 /* ExpAppDelegate.m */ = {isa = PBXFileReference; lastKnownFileType = sourcecode.c.objc; path = ExpAppDelegate.m; sourceTree = "<group>"; };
		968B977C18D2006900EB51D9 /* Base */ = {isa = PBXFileReference; lastKnownFileType = file.storyboard; name = Base; path = Base.lproj/Main.storyboard; sourceTree = "<group>"; };
		968B977E18D2006900EB51D9 /* ExpViewController.h */ = {isa = PBXFileReference; lastKnownFileType = sourcecode.c.h; path = ExpViewController.h; sourceTree = "<group>"; };
		968B977F18D2006900EB51D9 /* ExpViewController.m */ = {isa = PBXFileReference; lastKnownFileType = sourcecode.c.objc; path = ExpViewController.m; sourceTree = "<group>"; };
		968B978118D2006900EB51D9 /* Images.xcassets */ = {isa = PBXFileReference; lastKnownFileType = folder.assetcatalog; path = Images.xcassets; sourceTree = "<group>"; };
		968B978718D2006900EB51D9 /* SimpleGesturesTests.xctest */ = {isa = PBXFileReference; explicitFileType = wrapper.cfbundle; includeInIndex = 0; path = SimpleGesturesTests.xctest; sourceTree = BUILT_PRODUCTS_DIR; };
		968B978818D2006900EB51D9 /* XCTest.framework */ = {isa = PBXFileReference; lastKnownFileType = wrapper.framework; name = XCTest.framework; path = Library/Frameworks/XCTest.framework; sourceTree = DEVELOPER_DIR; };
		968B979018D2006900EB51D9 /* SimpleGesturesTests-Info.plist */ = {isa = PBXFileReference; lastKnownFileType = text.plist.xml; path = "SimpleGesturesTests-Info.plist"; sourceTree = "<group>"; };
		968B979218D2006900EB51D9 /* en */ = {isa = PBXFileReference; lastKnownFileType = text.plist.strings; name = en; path = en.lproj/InfoPlist.strings; sourceTree = "<group>"; };
		968B979418D2006900EB51D9 /* SimpleGesturesTests.m */ = {isa = PBXFileReference; lastKnownFileType = sourcecode.c.objc; path = SimpleGesturesTests.m; sourceTree = "<group>"; };
/* End PBXFileReference section */

/* Begin PBXFrameworksBuildPhase section */
		968B976318D2006900EB51D9 /* Frameworks */ = {
			isa = PBXFrameworksBuildPhase;
			buildActionMask = 2147483647;
			files = (
				968B976C18D2006900EB51D9 /* CoreGraphics.framework in Frameworks */,
				968B976E18D2006900EB51D9 /* UIKit.framework in Frameworks */,
				968B976A18D2006900EB51D9 /* Foundation.framework in Frameworks */,
			);
			runOnlyForDeploymentPostprocessing = 0;
		};
		968B978418D2006900EB51D9 /* Frameworks */ = {
			isa = PBXFrameworksBuildPhase;
			buildActionMask = 2147483647;
			files = (
				968B978918D2006900EB51D9 /* XCTest.framework in Frameworks */,
				968B978B18D2006900EB51D9 /* UIKit.framework in Frameworks */,
				968B978A18D2006900EB51D9 /* Foundation.framework in Frameworks */,
			);
			runOnlyForDeploymentPostprocessing = 0;
		};
/* End PBXFrameworksBuildPhase section */

/* Begin PBXGroup section */
		968B975D18D2006800EB51D9 = {
			isa = PBXGroup;
			children = (
				968B976F18D2006900EB51D9 /* SimpleGestures */,
				968B978E18D2006900EB51D9 /* SimpleGesturesTests */,
				968B976818D2006900EB51D9 /* Frameworks */,
				968B976718D2006900EB51D9 /* Products */,
			);
			sourceTree = "<group>";
		};
		968B976718D2006900EB51D9 /* Products */ = {
			isa = PBXGroup;
			children = (
				968B976618D2006900EB51D9 /* SimpleGestures.app */,
				968B978718D2006900EB51D9 /* SimpleGesturesTests.xctest */,
			);
			name = Products;
			sourceTree = "<group>";
		};
		968B976818D2006900EB51D9 /* Frameworks */ = {
			isa = PBXGroup;
			children = (
				968B976918D2006900EB51D9 /* Foundation.framework */,
				968B976B18D2006900EB51D9 /* CoreGraphics.framework */,
				968B976D18D2006900EB51D9 /* UIKit.framework */,
				968B978818D2006900EB51D9 /* XCTest.framework */,
			);
			name = Frameworks;
			sourceTree = "<group>";
		};
		968B976F18D2006900EB51D9 /* SimpleGestures */ = {
			isa = PBXGroup;
			children = (
				968B977818D2006900EB51D9 /* ExpAppDelegate.h */,
				968B977918D2006900EB51D9 /* ExpAppDelegate.m */,
				968B977B18D2006900EB51D9 /* Main.storyboard */,
				968B977E18D2006900EB51D9 /* ExpViewController.h */,
				968B977F18D2006900EB51D9 /* ExpViewController.m */,
				968B978118D2006900EB51D9 /* Images.xcassets */,
				968B977018D2006900EB51D9 /* Supporting Files */,
			);
			path = SimpleGestures;
			sourceTree = "<group>";
		};
		968B977018D2006900EB51D9 /* Supporting Files */ = {
			isa = PBXGroup;
			children = (
				968B977118D2006900EB51D9 /* SimpleGestures-Info.plist */,
				968B977218D2006900EB51D9 /* InfoPlist.strings */,
				968B977518D2006900EB51D9 /* main.m */,
				968B977718D2006900EB51D9 /* SimpleGestures-Prefix.pch */,
			);
			name = "Supporting Files";
			sourceTree = "<group>";
		};
		968B978E18D2006900EB51D9 /* SimpleGesturesTests */ = {
			isa = PBXGroup;
			children = (
				968B979418D2006900EB51D9 /* SimpleGesturesTests.m */,
				968B978F18D2006900EB51D9 /* Supporting Files */,
			);
			path = SimpleGesturesTests;
			sourceTree = "<group>";
		};
		968B978F18D2006900EB51D9 /* Supporting Files */ = {
			isa = PBXGroup;
			children = (
				968B979018D2006900EB51D9 /* SimpleGesturesTests-Info.plist */,
				968B979118D2006900EB51D9 /* InfoPlist.strings */,
			);
			name = "Supporting Files";
			sourceTree = "<group>";
		};
/* End PBXGroup section */

/* Begin PBXNativeTarget section */
		968B976518D2006900EB51D9 /* SimpleGestures */ = {
			isa = PBXNativeTarget;
			buildConfigurationList = 968B979818D2006900EB51D9 /* Build configuration list for PBXNativeTarget "SimpleGestures" */;
			buildPhases = (
				968B976218D2006900EB51D9 /* Sources */,
				968B976318D2006900EB51D9 /* Frameworks */,
				968B976418D2006900EB51D9 /* Resources */,
			);
			buildRules = (
			);
			dependencies = (
			);
			name = SimpleGestures;
			productName = SimpleGestures;
			productReference = 968B976618D2006900EB51D9 /* SimpleGestures.app */;
			productType = "com.apple.product-type.application";
		};
		968B978618D2006900EB51D9 /* SimpleGesturesTests */ = {
			isa = PBXNativeTarget;
			buildConfigurationList = 968B979B18D2006900EB51D9 /* Build configuration list for PBXNativeTarget "SimpleGesturesTests" */;
			buildPhases = (
				968B978318D2006900EB51D9 /* Sources */,
				968B978418D2006900EB51D9 /* Frameworks */,
				968B978518D2006900EB51D9 /* Resources */,
			);
			buildRules = (
			);
			dependencies = (
				968B978D18D2006900EB51D9 /* PBXTargetDependency */,
			);
			name = SimpleGesturesTests;
			productName = SimpleGesturesTests;
			productReference = 968B978718D2006900EB51D9 /* SimpleGesturesTests.xctest */;
			productType = "com.apple.product-type.bundle.unit-test";
		};
/* End PBXNativeTarget section */

/* Begin PBXProject section */
		968B975E18D2006800EB51D9 /* Project object */ = {
			isa = PBXProject;
			attributes = {
				CLASSPREFIX = Exp;
				LastUpgradeCheck = 0500;
				ORGANIZATIONNAME = "Paulo Martins";
				TargetAttributes = {
					968B978618D2006900EB51D9 = {
						TestTargetID = 968B976518D2006900EB51D9;
					};
				};
			};
			buildConfigurationList = 968B976118D2006800EB51D9 /* Build configuration list for PBXProject "SimpleGestures" */;
			compatibilityVersion = "Xcode 3.2";
			developmentRegion = English;
			hasScannedForEncodings = 0;
			knownRegions = (
				en,
				Base,
			);
			mainGroup = 968B975D18D2006800EB51D9;
			productRefGroup = 968B976718D2006900EB51D9 /* Products */;
			projectDirPath = "";
			projectRoot = "";
			targets = (
				968B976518D2006900EB51D9 /* SimpleGestures */,
				968B978618D2006900EB51D9 /* SimpleGesturesTests */,
			);
		};
/* End PBXProject section */

/* Begin PBXResourcesBuildPhase section */
		968B976418D2006900EB51D9 /* Resources */ = {
			isa = PBXResourcesBuildPhase;
			buildActionMask = 2147483647;
			files = (
				968B978218D2006900EB51D9 /* Images.xcassets in Resources */,
				968B977418D2006900EB51D9 /* InfoPlist.strings in Resources */,
				968B977D18D2006900EB51D9 /* Main.storyboard in Resources */,
			);
			runOnlyForDeploymentPostprocessing = 0;
		};
		968B978518D2006900EB51D9 /* Resources */ = {
			isa = PBXResourcesBuildPhase;
			buildActionMask = 2147483647;
			files = (
				968B979318D2006900EB51D9 /* InfoPlist.strings in Resources */,
			);
			runOnlyForDeploymentPostprocessing = 0;
		};
/* End PBXResourcesBuildPhase section */

/* Begin PBXSourcesBuildPhase section */
		968B976218D2006900EB51D9 /* Sources */ = {
			isa = PBXSourcesBuildPhase;
			buildActionMask = 2147483647;
			files = (
				968B977A18D2006900EB51D9 /* ExpAppDelegate.m in Sources */,
				968B977618D2006900EB51D9 /* main.m in Sources */,
				968B978018D2006900EB51D9 /* ExpViewController.m in Sources */,
			);
			runOnlyForDeploymentPostprocessing = 0;
		};
		968B978318D2006900EB51D9 /* Sources */ = {
			isa = PBXSourcesBuildPhase;
			buildActionMask = 2147483647;
			files = (
				968B979518D2006900EB51D9 /* SimpleGesturesTests.m in Sources */,
			);
			runOnlyForDeploymentPostprocessing = 0;
		};
/* End PBXSourcesBuildPhase section */

/* Begin PBXTargetDependency section */
		968B978D18D2006900EB51D9 /* PBXTargetDependency */ = {
			isa = PBXTargetDependency;
			target = 968B976518D2006900EB51D9 /* SimpleGestures */;
			targetProxy = 968B978C18D2006900EB51D9 /* PBXContainerItemProxy */;
		};
/* End PBXTargetDependency section */

/* Begin PBXVariantGroup section */
		968B977218D2006900EB51D9 /* InfoPlist.strings */ = {
			isa = PBXVariantGroup;
			children = (
				968B977318D2006900EB51D9 /* en */,
			);
			name = InfoPlist.strings;
			sourceTree = "<group>";
		};
		968B977B18D2006900EB51D9 /* Main.storyboard */ = {
			isa = PBXVariantGroup;
			children = (
				968B977C18D2006900EB51D9 /* Base */,
			);
			name = Main.storyboard;
			sourceTree = "<group>";
		};
		968B979118D2006900EB51D9 /* InfoPlist.strings */ = {
			isa = PBXVariantGroup;
			children = (
				968B979218D2006900EB51D9 /* en */,
			);
			name = InfoPlist.strings;
			sourceTree = "<group>";
		};
/* End PBXVariantGroup section */

/* Begin XCBuildConfiguration section */
		968B979618D2006900EB51D9 /* Debug */ = {
			isa = XCBuildConfiguration;
			buildSettings = {
				ALWAYS_SEARCH_USER_PATHS = NO;
				ARCHS = "$(ARCHS_STANDARD_INCLUDING_64_BIT)";
				CLANG_CXX_LANGUAGE_STANDARD = "gnu++0x";
				CLANG_CXX_LIBRARY = "libc++";
				CLANG_ENABLE_MODULES = YES;
				CLANG_ENABLE_OBJC_ARC = YES;
				CLANG_WARN_BOOL_CONVERSION = YES;
				CLANG_WARN_CONSTANT_CONVERSION = YES;
				CLANG_WARN_DIRECT_OBJC_ISA_USAGE = YES_ERROR;
				CLANG_WARN_EMPTY_BODY = YES;
				CLANG_WARN_ENUM_CONVERSION = YES;
				CLANG_WARN_INT_CONVERSION = YES;
				CLANG_WARN_OBJC_ROOT_CLASS = YES_ERROR;
				CLANG_WARN__DUPLICATE_METHOD_MATCH = YES;
				"CODE_SIGN_IDENTITY[sdk=iphoneos*]" = "iPhone Developer";
				COPY_PHASE_STRIP = NO;
				GCC_C_LANGUAGE_STANDARD = gnu99;
				GCC_DYNAMIC_NO_PIC = NO;
				GCC_OPTIMIZATION_LEVEL = 0;
				GCC_PREPROCESSOR_DEFINITIONS = (
					"DEBUG=1",
					"$(inherited)",
				);
				GCC_SYMBOLS_PRIVATE_EXTERN = NO;
				GCC_WARN_64_TO_32_BIT_CONVERSION = YES;
				GCC_WARN_ABOUT_RETURN_TYPE = YES_ERROR;
				GCC_WARN_UNDECLARED_SELECTOR = YES;
				GCC_WARN_UNINITIALIZED_AUTOS = YES;
				GCC_WARN_UNUSED_FUNCTION = YES;
				GCC_WARN_UNUSED_VARIABLE = YES;
				IPHONEOS_DEPLOYMENT_TARGET = 7.0;
				ONLY_ACTIVE_ARCH = YES;
				SDKROOT = iphoneos;
			};
			name = Debug;
		};
		968B979718D2006900EB51D9 /* Release */ = {
			isa = XCBuildConfiguration;
			buildSettings = {
				ALWAYS_SEARCH_USER_PATHS = NO;
				ARCHS = "$(ARCHS_STANDARD_INCLUDING_64_BIT)";
				CLANG_CXX_LANGUAGE_STANDARD = "gnu++0x";
				CLANG_CXX_LIBRARY = "libc++";
				CLANG_ENABLE_MODULES = YES;
				CLANG_ENABLE_OBJC_ARC = YES;
				CLANG_WARN_BOOL_CONVERSION = YES;
				CLANG_WARN_CONSTANT_CONVERSION = YES;
				CLANG_WARN_DIRECT_OBJC_ISA_USAGE = YES_ERROR;
				CLANG_WARN_EMPTY_BODY = YES;
				CLANG_WARN_ENUM_CONVERSION = YES;
				CLANG_WARN_INT_CONVERSION = YES;
				CLANG_WARN_OBJC_ROOT_CLASS = YES_ERROR;
				CLANG_WARN__DUPLICATE_METHOD_MATCH = YES;
				"CODE_SIGN_IDENTITY[sdk=iphoneos*]" = "iPhone Developer";
				COPY_PHASE_STRIP = YES;
				ENABLE_NS_ASSERTIONS = NO;
				GCC_C_LANGUAGE_STANDARD = gnu99;
				GCC_WARN_64_TO_32_BIT_CONVERSION = YES;
				GCC_WARN_ABOUT_RETURN_TYPE = YES_ERROR;
				GCC_WARN_UNDECLARED_SELECTOR = YES;
				GCC_WARN_UNINITIALIZED_AUTOS = YES;
				GCC_WARN_UNUSED_FUNCTION = YES;
				GCC_WARN_UNUSED_VARIABLE = YES;
				IPHONEOS_DEPLOYMENT_TARGET = 7.0;
				SDKROOT = iphoneos;
				VALIDATE_PRODUCT = YES;
			};
			name = Release;
		};
		968B979918D2006900EB51D9 /* Debug */ = {
			isa = XCBuildConfiguration;
			buildSettings = {
				ASSETCATALOG_COMPILER_APPICON_NAME = AppIcon;
				ASSETCATALOG_COMPILER_LAUNCHIMAGE_NAME = LaunchImage;
				GCC_PRECOMPILE_PREFIX_HEADER = YES;
				GCC_PREFIX_HEADER = "SimpleGestures/SimpleGestures-Prefix.pch";
				INFOPLIST_FILE = "SimpleGestures/SimpleGestures-Info.plist";
				PRODUCT_NAME = "$(TARGET_NAME)";
				WRAPPER_EXTENSION = app;
			};
			name = Debug;
		};
		968B979A18D2006900EB51D9 /* Release */ = {
			isa = XCBuildConfiguration;
			buildSettings = {
				ASSETCATALOG_COMPILER_APPICON_NAME = AppIcon;
				ASSETCATALOG_COMPILER_LAUNCHIMAGE_NAME = LaunchImage;
				GCC_PRECOMPILE_PREFIX_HEADER = YES;
				GCC_PREFIX_HEADER = "SimpleGestures/SimpleGestures-Prefix.pch";
				INFOPLIST_FILE = "SimpleGestures/SimpleGestures-Info.plist";
				PRODUCT_NAME = "$(TARGET_NAME)";
				WRAPPER_EXTENSION = app;
			};
			name = Release;
		};
		968B979C18D2006900EB51D9 /* Debug */ = {
			isa = XCBuildConfiguration;
			buildSettings = {
				ARCHS = "$(ARCHS_STANDARD_INCLUDING_64_BIT)";
				BUNDLE_LOADER = "$(BUILT_PRODUCTS_DIR)/SimpleGestures.app/SimpleGestures";
				FRAMEWORK_SEARCH_PATHS = (
					"$(SDKROOT)/Developer/Library/Frameworks",
					"$(inherited)",
					"$(DEVELOPER_FRAMEWORKS_DIR)",
				);
				GCC_PRECOMPILE_PREFIX_HEADER = YES;
				GCC_PREFIX_HEADER = "SimpleGestures/SimpleGestures-Prefix.pch";
				GCC_PREPROCESSOR_DEFINITIONS = (
					"DEBUG=1",
					"$(inherited)",
				);
				INFOPLIST_FILE = "SimpleGesturesTests/SimpleGesturesTests-Info.plist";
				PRODUCT_NAME = "$(TARGET_NAME)";
				TEST_HOST = "$(BUNDLE_LOADER)";
				WRAPPER_EXTENSION = xctest;
			};
			name = Debug;
		};
		968B979D18D2006900EB51D9 /* Release */ = {
			isa = XCBuildConfiguration;
			buildSettings = {
				ARCHS = "$(ARCHS_STANDARD_INCLUDING_64_BIT)";
				BUNDLE_LOADER = "$(BUILT_PRODUCTS_DIR)/SimpleGestures.app/SimpleGestures";
				FRAMEWORK_SEARCH_PATHS = (
					"$(SDKROOT)/Developer/Library/Frameworks",
					"$(inherited)",
					"$(DEVELOPER_FRAMEWORKS_DIR)",
				);
				GCC_PRECOMPILE_PREFIX_HEADER = YES;
				GCC_PREFIX_HEADER = "SimpleGestures/SimpleGestures-Prefix.pch";
				INFOPLIST_FILE = "SimpleGesturesTests/SimpleGesturesTests-Info.plist";
				PRODUCT_NAME = "$(TARGET_NAME)";
				TEST_HOST = "$(BUNDLE_LOADER)";
				WRAPPER_EXTENSION = xctest;
			};
			name = Release;
		};
/* End XCBuildConfiguration section */

/* Begin XCConfigurationList section */
		968B976118D2006800EB51D9 /* Build configuration list for PBXProject "SimpleGestures" */ = {
			isa = XCConfigurationList;
			buildConfigurations = (
				968B979618D2006900EB51D9 /* Debug */,
				968B979718D2006900EB51D9 /* Release */,
			);
			defaultConfigurationIsVisible = 0;
			defaultConfigurationName = Release;
		};
		968B979818D2006900EB51D9 /* Build configuration list for PBXNativeTarget "SimpleGestures" */ = {
			isa = XCConfigurationList;
			buildConfigurations = (
				968B979918D2006900EB51D9 /* Debug */,
				968B979A18D2006900EB51D9 /* Release */,
			);
			defaultConfigurationIsVisible = 0;
		};
		968B979B18D2006900EB51D9 /* Build configuration list for PBXNativeTarget "SimpleGesturesTests" */ = {
			isa = XCConfigurationList;
			buildConfigurations = (
				968B979C18D2006900EB51D9 /* Debug */,
				968B979D18D2006900EB51D9 /* Release */,
			);
			defaultConfigurationIsVisible = 0;
		};
/* End XCConfigurationList section */
	};
	rootObject = 968B975E18D2006800EB51D9 /* Project object */;
}
