// !$*UTF8*$!
{
	archiveVersion = 1;
	classes = {
	};
	objectVersion = 46;
	objects = {

/* Begin PBXBuildFile section */
		2CD6A9B118BE007700A01222 /* Foundation.framework in Frameworks */ = {isa = PBXBuildFile; fileRef = 2CD6A9B018BE007700A01222 /* Foundation.framework */; };
		2CD6A9B318BE007700A01222 /* CoreGraphics.framework in Frameworks */ = {isa = PBXBuildFile; fileRef = 2CD6A9B218BE007700A01222 /* CoreGraphics.framework */; };
		2CD6A9B518BE007700A01222 /* UIKit.framework in Frameworks */ = {isa = PBXBuildFile; fileRef = 2CD6A9B418BE007700A01222 /* UIKit.framework */; };
		2CD6A9BB18BE007700A01222 /* InfoPlist.strings in Resources */ = {isa = PBXBuildFile; fileRef = 2CD6A9B918BE007700A01222 /* InfoPlist.strings */; };
		2CD6A9BD18BE007700A01222 /* main.m in Sources */ = {isa = PBXBuildFile; fileRef = 2CD6A9BC18BE007700A01222 /* main.m */; };
		2CD6A9C118BE007700A01222 /* AlunoAppDelegate.m in Sources */ = {isa = PBXBuildFile; fileRef = 2CD6A9C018BE007700A01222 /* AlunoAppDelegate.m */; };
		2CD6A9C418BE007700A01222 /* Main.storyboard in Resources */ = {isa = PBXBuildFile; fileRef = 2CD6A9C218BE007700A01222 /* Main.storyboard */; };
		2CD6A9C718BE007700A01222 /* AlunoViewController.m in Sources */ = {isa = PBXBuildFile; fileRef = 2CD6A9C618BE007700A01222 /* AlunoViewController.m */; };
		2CD6A9C918BE007700A01222 /* Images.xcassets in Resources */ = {isa = PBXBuildFile; fileRef = 2CD6A9C818BE007700A01222 /* Images.xcassets */; };
		2CD6A9D018BE007700A01222 /* XCTest.framework in Frameworks */ = {isa = PBXBuildFile; fileRef = 2CD6A9CF18BE007700A01222 /* XCTest.framework */; };
		2CD6A9D118BE007700A01222 /* Foundation.framework in Frameworks */ = {isa = PBXBuildFile; fileRef = 2CD6A9B018BE007700A01222 /* Foundation.framework */; };
		2CD6A9D218BE007700A01222 /* UIKit.framework in Frameworks */ = {isa = PBXBuildFile; fileRef = 2CD6A9B418BE007700A01222 /* UIKit.framework */; };
		2CD6A9DA18BE007700A01222 /* InfoPlist.strings in Resources */ = {isa = PBXBuildFile; fileRef = 2CD6A9D818BE007700A01222 /* InfoPlist.strings */; };
		2CD6A9DC18BE007700A01222 /* AlunosTests.m in Sources */ = {isa = PBXBuildFile; fileRef = 2CD6A9DB18BE007700A01222 /* AlunosTests.m */; };
		2CD6A9E718BE04F200A01222 /* Alunos.m in Sources */ = {isa = PBXBuildFile; fileRef = 2CD6A9E618BE04F200A01222 /* Alunos.m */; };
/* End PBXBuildFile section */

/* Begin PBXContainerItemProxy section */
		2CD6A9D318BE007700A01222 /* PBXContainerItemProxy */ = {
			isa = PBXContainerItemProxy;
			containerPortal = 2CD6A9A518BE007700A01222 /* Project object */;
			proxyType = 1;
			remoteGlobalIDString = 2CD6A9AC18BE007700A01222;
			remoteInfo = Alunos;
		};
/* End PBXContainerItemProxy section */

/* Begin PBXFileReference section */
		2CD6A9AD18BE007700A01222 /* Alunos.app */ = {isa = PBXFileReference; explicitFileType = wrapper.application; includeInIndex = 0; path = Alunos.app; sourceTree = BUILT_PRODUCTS_DIR; };
		2CD6A9B018BE007700A01222 /* Foundation.framework */ = {isa = PBXFileReference; lastKnownFileType = wrapper.framework; name = Foundation.framework; path = System/Library/Frameworks/Foundation.framework; sourceTree = SDKROOT; };
		2CD6A9B218BE007700A01222 /* CoreGraphics.framework */ = {isa = PBXFileReference; lastKnownFileType = wrapper.framework; name = CoreGraphics.framework; path = System/Library/Frameworks/CoreGraphics.framework; sourceTree = SDKROOT; };
		2CD6A9B418BE007700A01222 /* UIKit.framework */ = {isa = PBXFileReference; lastKnownFileType = wrapper.framework; name = UIKit.framework; path = System/Library/Frameworks/UIKit.framework; sourceTree = SDKROOT; };
		2CD6A9B818BE007700A01222 /* Alunos-Info.plist */ = {isa = PBXFileReference; lastKnownFileType = text.plist.xml; path = "Alunos-Info.plist"; sourceTree = "<group>"; };
		2CD6A9BA18BE007700A01222 /* en */ = {isa = PBXFileReference; lastKnownFileType = text.plist.strings; name = en; path = en.lproj/InfoPlist.strings; sourceTree = "<group>"; };
		2CD6A9BC18BE007700A01222 /* main.m */ = {isa = PBXFileReference; lastKnownFileType = sourcecode.c.objc; path = main.m; sourceTree = "<group>"; };
		2CD6A9BE18BE007700A01222 /* Alunos-Prefix.pch */ = {isa = PBXFileReference; lastKnownFileType = sourcecode.c.h; path = "Alunos-Prefix.pch"; sourceTree = "<group>"; };
		2CD6A9BF18BE007700A01222 /* AlunoAppDelegate.h */ = {isa = PBXFileReference; lastKnownFileType = sourcecode.c.h; path = AlunoAppDelegate.h; sourceTree = "<group>"; };
		2CD6A9C018BE007700A01222 /* AlunoAppDelegate.m */ = {isa = PBXFileReference; lastKnownFileType = sourcecode.c.objc; path = AlunoAppDelegate.m; sourceTree = "<group>"; };
		2CD6A9C318BE007700A01222 /* Base */ = {isa = PBXFileReference; lastKnownFileType = file.storyboard; name = Base; path = Base.lproj/Main.storyboard; sourceTree = "<group>"; };
		2CD6A9C518BE007700A01222 /* AlunoViewController.h */ = {isa = PBXFileReference; lastKnownFileType = sourcecode.c.h; path = AlunoViewController.h; sourceTree = "<group>"; };
		2CD6A9C618BE007700A01222 /* AlunoViewController.m */ = {isa = PBXFileReference; lastKnownFileType = sourcecode.c.objc; path = AlunoViewController.m; sourceTree = "<group>"; };
		2CD6A9C818BE007700A01222 /* Images.xcassets */ = {isa = PBXFileReference; lastKnownFileType = folder.assetcatalog; path = Images.xcassets; sourceTree = "<group>"; };
		2CD6A9CE18BE007700A01222 /* AlunosTests.xctest */ = {isa = PBXFileReference; explicitFileType = wrapper.cfbundle; includeInIndex = 0; path = AlunosTests.xctest; sourceTree = BUILT_PRODUCTS_DIR; };
		2CD6A9CF18BE007700A01222 /* XCTest.framework */ = {isa = PBXFileReference; lastKnownFileType = wrapper.framework; name = XCTest.framework; path = Library/Frameworks/XCTest.framework; sourceTree = DEVELOPER_DIR; };
		2CD6A9D718BE007700A01222 /* AlunosTests-Info.plist */ = {isa = PBXFileReference; lastKnownFileType = text.plist.xml; path = "AlunosTests-Info.plist"; sourceTree = "<group>"; };
		2CD6A9D918BE007700A01222 /* en */ = {isa = PBXFileReference; lastKnownFileType = text.plist.strings; name = en; path = en.lproj/InfoPlist.strings; sourceTree = "<group>"; };
		2CD6A9DB18BE007700A01222 /* AlunosTests.m */ = {isa = PBXFileReference; lastKnownFileType = sourcecode.c.objc; path = AlunosTests.m; sourceTree = "<group>"; };
		2CD6A9E518BE04F200A01222 /* Alunos.h */ = {isa = PBXFileReference; fileEncoding = 4; lastKnownFileType = sourcecode.c.h; path = Alunos.h; sourceTree = "<group>"; };
		2CD6A9E618BE04F200A01222 /* Alunos.m */ = {isa = PBXFileReference; fileEncoding = 4; lastKnownFileType = sourcecode.c.objc; path = Alunos.m; sourceTree = "<group>"; };
/* End PBXFileReference section */

/* Begin PBXFrameworksBuildPhase section */
		2CD6A9AA18BE007700A01222 /* Frameworks */ = {
			isa = PBXFrameworksBuildPhase;
			buildActionMask = 2147483647;
			files = (
				2CD6A9B318BE007700A01222 /* CoreGraphics.framework in Frameworks */,
				2CD6A9B518BE007700A01222 /* UIKit.framework in Frameworks */,
				2CD6A9B118BE007700A01222 /* Foundation.framework in Frameworks */,
			);
			runOnlyForDeploymentPostprocessing = 0;
		};
		2CD6A9CB18BE007700A01222 /* Frameworks */ = {
			isa = PBXFrameworksBuildPhase;
			buildActionMask = 2147483647;
			files = (
				2CD6A9D018BE007700A01222 /* XCTest.framework in Frameworks */,
				2CD6A9D218BE007700A01222 /* UIKit.framework in Frameworks */,
				2CD6A9D118BE007700A01222 /* Foundation.framework in Frameworks */,
			);
			runOnlyForDeploymentPostprocessing = 0;
		};
/* End PBXFrameworksBuildPhase section */

/* Begin PBXGroup section */
		2CD6A9A418BE007700A01222 = {
			isa = PBXGroup;
			children = (
				2CD6A9B618BE007700A01222 /* Alunos */,
				2CD6A9D518BE007700A01222 /* AlunosTests */,
				2CD6A9AF18BE007700A01222 /* Frameworks */,
				2CD6A9AE18BE007700A01222 /* Products */,
			);
			sourceTree = "<group>";
		};
		2CD6A9AE18BE007700A01222 /* Products */ = {
			isa = PBXGroup;
			children = (
				2CD6A9AD18BE007700A01222 /* Alunos.app */,
				2CD6A9CE18BE007700A01222 /* AlunosTests.xctest */,
			);
			name = Products;
			sourceTree = "<group>";
		};
		2CD6A9AF18BE007700A01222 /* Frameworks */ = {
			isa = PBXGroup;
			children = (
				2CD6A9B018BE007700A01222 /* Foundation.framework */,
				2CD6A9B218BE007700A01222 /* CoreGraphics.framework */,
				2CD6A9B418BE007700A01222 /* UIKit.framework */,
				2CD6A9CF18BE007700A01222 /* XCTest.framework */,
			);
			name = Frameworks;
			sourceTree = "<group>";
		};
		2CD6A9B618BE007700A01222 /* Alunos */ = {
			isa = PBXGroup;
			children = (
				2CD6A9E518BE04F200A01222 /* Alunos.h */,
				2CD6A9E618BE04F200A01222 /* Alunos.m */,
				2CD6A9BF18BE007700A01222 /* AlunoAppDelegate.h */,
				2CD6A9C018BE007700A01222 /* AlunoAppDelegate.m */,
				2CD6A9C218BE007700A01222 /* Main.storyboard */,
				2CD6A9C518BE007700A01222 /* AlunoViewController.h */,
				2CD6A9C618BE007700A01222 /* AlunoViewController.m */,
				2CD6A9C818BE007700A01222 /* Images.xcassets */,
				2CD6A9B718BE007700A01222 /* Supporting Files */,
			);
			path = Alunos;
			sourceTree = "<group>";
		};
		2CD6A9B718BE007700A01222 /* Supporting Files */ = {
			isa = PBXGroup;
			children = (
				2CD6A9B818BE007700A01222 /* Alunos-Info.plist */,
				2CD6A9B918BE007700A01222 /* InfoPlist.strings */,
				2CD6A9BC18BE007700A01222 /* main.m */,
				2CD6A9BE18BE007700A01222 /* Alunos-Prefix.pch */,
			);
			name = "Supporting Files";
			sourceTree = "<group>";
		};
		2CD6A9D518BE007700A01222 /* AlunosTests */ = {
			isa = PBXGroup;
			children = (
				2CD6A9DB18BE007700A01222 /* AlunosTests.m */,
				2CD6A9D618BE007700A01222 /* Supporting Files */,
			);
			path = AlunosTests;
			sourceTree = "<group>";
		};
		2CD6A9D618BE007700A01222 /* Supporting Files */ = {
			isa = PBXGroup;
			children = (
				2CD6A9D718BE007700A01222 /* AlunosTests-Info.plist */,
				2CD6A9D818BE007700A01222 /* InfoPlist.strings */,
			);
			name = "Supporting Files";
			sourceTree = "<group>";
		};
/* End PBXGroup section */

/* Begin PBXNativeTarget section */
		2CD6A9AC18BE007700A01222 /* Alunos */ = {
			isa = PBXNativeTarget;
			buildConfigurationList = 2CD6A9DF18BE007800A01222 /* Build configuration list for PBXNativeTarget "Alunos" */;
			buildPhases = (
				2CD6A9A918BE007700A01222 /* Sources */,
				2CD6A9AA18BE007700A01222 /* Frameworks */,
				2CD6A9AB18BE007700A01222 /* Resources */,
			);
			buildRules = (
			);
			dependencies = (
			);
			name = Alunos;
			productName = Alunos;
			productReference = 2CD6A9AD18BE007700A01222 /* Alunos.app */;
			productType = "com.apple.product-type.application";
		};
		2CD6A9CD18BE007700A01222 /* AlunosTests */ = {
			isa = PBXNativeTarget;
			buildConfigurationList = 2CD6A9E218BE007800A01222 /* Build configuration list for PBXNativeTarget "AlunosTests" */;
			buildPhases = (
				2CD6A9CA18BE007700A01222 /* Sources */,
				2CD6A9CB18BE007700A01222 /* Frameworks */,
				2CD6A9CC18BE007700A01222 /* Resources */,
			);
			buildRules = (
			);
			dependencies = (
				2CD6A9D418BE007700A01222 /* PBXTargetDependency */,
			);
			name = AlunosTests;
			productName = AlunosTests;
			productReference = 2CD6A9CE18BE007700A01222 /* AlunosTests.xctest */;
			productType = "com.apple.product-type.bundle.unit-test";
		};
/* End PBXNativeTarget section */

/* Begin PBXProject section */
		2CD6A9A518BE007700A01222 /* Project object */ = {
			isa = PBXProject;
			attributes = {
				CLASSPREFIX = Aluno;
				LastUpgradeCheck = 0500;
				ORGANIZATIONNAME = "Paulo Martins";
				TargetAttributes = {
					2CD6A9CD18BE007700A01222 = {
						TestTargetID = 2CD6A9AC18BE007700A01222;
					};
				};
			};
			buildConfigurationList = 2CD6A9A818BE007700A01222 /* Build configuration list for PBXProject "Alunos" */;
			compatibilityVersion = "Xcode 3.2";
			developmentRegion = English;
			hasScannedForEncodings = 0;
			knownRegions = (
				en,
				Base,
			);
			mainGroup = 2CD6A9A418BE007700A01222;
			productRefGroup = 2CD6A9AE18BE007700A01222 /* Products */;
			projectDirPath = "";
			projectRoot = "";
			targets = (
				2CD6A9AC18BE007700A01222 /* Alunos */,
				2CD6A9CD18BE007700A01222 /* AlunosTests */,
			);
		};
/* End PBXProject section */

/* Begin PBXResourcesBuildPhase section */
		2CD6A9AB18BE007700A01222 /* Resources */ = {
			isa = PBXResourcesBuildPhase;
			buildActionMask = 2147483647;
			files = (
				2CD6A9C918BE007700A01222 /* Images.xcassets in Resources */,
				2CD6A9BB18BE007700A01222 /* InfoPlist.strings in Resources */,
				2CD6A9C418BE007700A01222 /* Main.storyboard in Resources */,
			);
			runOnlyForDeploymentPostprocessing = 0;
		};
		2CD6A9CC18BE007700A01222 /* Resources */ = {
			isa = PBXResourcesBuildPhase;
			buildActionMask = 2147483647;
			files = (
				2CD6A9DA18BE007700A01222 /* InfoPlist.strings in Resources */,
			);
			runOnlyForDeploymentPostprocessing = 0;
		};
/* End PBXResourcesBuildPhase section */

/* Begin PBXSourcesBuildPhase section */
		2CD6A9A918BE007700A01222 /* Sources */ = {
			isa = PBXSourcesBuildPhase;
			buildActionMask = 2147483647;
			files = (
				2CD6A9C118BE007700A01222 /* AlunoAppDelegate.m in Sources */,
				2CD6A9E718BE04F200A01222 /* Alunos.m in Sources */,
				2CD6A9C718BE007700A01222 /* AlunoViewController.m in Sources */,
				2CD6A9BD18BE007700A01222 /* main.m in Sources */,
			);
			runOnlyForDeploymentPostprocessing = 0;
		};
		2CD6A9CA18BE007700A01222 /* Sources */ = {
			isa = PBXSourcesBuildPhase;
			buildActionMask = 2147483647;
			files = (
				2CD6A9DC18BE007700A01222 /* AlunosTests.m in Sources */,
			);
			runOnlyForDeploymentPostprocessing = 0;
		};
/* End PBXSourcesBuildPhase section */

/* Begin PBXTargetDependency section */
		2CD6A9D418BE007700A01222 /* PBXTargetDependency */ = {
			isa = PBXTargetDependency;
			target = 2CD6A9AC18BE007700A01222 /* Alunos */;
			targetProxy = 2CD6A9D318BE007700A01222 /* PBXContainerItemProxy */;
		};
/* End PBXTargetDependency section */

/* Begin PBXVariantGroup section */
		2CD6A9B918BE007700A01222 /* InfoPlist.strings */ = {
			isa = PBXVariantGroup;
			children = (
				2CD6A9BA18BE007700A01222 /* en */,
			);
			name = InfoPlist.strings;
			sourceTree = "<group>";
		};
		2CD6A9C218BE007700A01222 /* Main.storyboard */ = {
			isa = PBXVariantGroup;
			children = (
				2CD6A9C318BE007700A01222 /* Base */,
			);
			name = Main.storyboard;
			sourceTree = "<group>";
		};
		2CD6A9D818BE007700A01222 /* InfoPlist.strings */ = {
			isa = PBXVariantGroup;
			children = (
				2CD6A9D918BE007700A01222 /* en */,
			);
			name = InfoPlist.strings;
			sourceTree = "<group>";
		};
/* End PBXVariantGroup section */

/* Begin XCBuildConfiguration section */
		2CD6A9DD18BE007800A01222 /* Debug */ = {
			isa = XCBuildConfiguration;
			buildSettings = {
				ALWAYS_SEARCH_USER_PATHS = NO;
				ARCHS = "$(ARCHS_STANDARD_INCLUDING_64_BIT)";
				CLANG_CXX_LANGUAGE_STANDARD = "gnu++0x";
				CLANG_CXX_LIBRARY = "libc++";
				CLANG_ENABLE_MODULES = YES;
				CLANG_ENABLE_OBJC_ARC = YES;
				CLANG_WARN_BOOL_CONVERSION = YES;
				CLANG_WARN_CONSTANT_CONVERSION = YES;
				CLANG_WARN_DIRECT_OBJC_ISA_USAGE = YES_ERROR;
				CLANG_WARN_EMPTY_BODY = YES;
				CLANG_WARN_ENUM_CONVERSION = YES;
				CLANG_WARN_INT_CONVERSION = YES;
				CLANG_WARN_OBJC_ROOT_CLASS = YES_ERROR;
				CLANG_WARN__DUPLICATE_METHOD_MATCH = YES;
				"CODE_SIGN_IDENTITY[sdk=iphoneos*]" = "iPhone Developer";
				COPY_PHASE_STRIP = NO;
				GCC_C_LANGUAGE_STANDARD = gnu99;
				GCC_DYNAMIC_NO_PIC = NO;
				GCC_OPTIMIZATION_LEVEL = 0;
				GCC_PREPROCESSOR_DEFINITIONS = (
					"DEBUG=1",
					"$(inherited)",
				);
				GCC_SYMBOLS_PRIVATE_EXTERN = NO;
				GCC_WARN_64_TO_32_BIT_CONVERSION = YES;
				GCC_WARN_ABOUT_RETURN_TYPE = YES_ERROR;
				GCC_WARN_UNDECLARED_SELECTOR = YES;
				GCC_WARN_UNINITIALIZED_AUTOS = YES;
				GCC_WARN_UNUSED_FUNCTION = YES;
				GCC_WARN_UNUSED_VARIABLE = YES;
				IPHONEOS_DEPLOYMENT_TARGET = 7.0;
				ONLY_ACTIVE_ARCH = YES;
				SDKROOT = iphoneos;
			};
			name = Debug;
		};
		2CD6A9DE18BE007800A01222 /* Release */ = {
			isa = XCBuildConfiguration;
			buildSettings = {
				ALWAYS_SEARCH_USER_PATHS = NO;
				ARCHS = "$(ARCHS_STANDARD_INCLUDING_64_BIT)";
				CLANG_CXX_LANGUAGE_STANDARD = "gnu++0x";
				CLANG_CXX_LIBRARY = "libc++";
				CLANG_ENABLE_MODULES = YES;
				CLANG_ENABLE_OBJC_ARC = YES;
				CLANG_WARN_BOOL_CONVERSION = YES;
				CLANG_WARN_CONSTANT_CONVERSION = YES;
				CLANG_WARN_DIRECT_OBJC_ISA_USAGE = YES_ERROR;
				CLANG_WARN_EMPTY_BODY = YES;
				CLANG_WARN_ENUM_CONVERSION = YES;
				CLANG_WARN_INT_CONVERSION = YES;
				CLANG_WARN_OBJC_ROOT_CLASS = YES_ERROR;
				CLANG_WARN__DUPLICATE_METHOD_MATCH = YES;
				"CODE_SIGN_IDENTITY[sdk=iphoneos*]" = "iPhone Developer";
				COPY_PHASE_STRIP = YES;
				ENABLE_NS_ASSERTIONS = NO;
				GCC_C_LANGUAGE_STANDARD = gnu99;
				GCC_WARN_64_TO_32_BIT_CONVERSION = YES;
				GCC_WARN_ABOUT_RETURN_TYPE = YES_ERROR;
				GCC_WARN_UNDECLARED_SELECTOR = YES;
				GCC_WARN_UNINITIALIZED_AUTOS = YES;
				GCC_WARN_UNUSED_FUNCTION = YES;
				GCC_WARN_UNUSED_VARIABLE = YES;
				IPHONEOS_DEPLOYMENT_TARGET = 7.0;
				SDKROOT = iphoneos;
				VALIDATE_PRODUCT = YES;
			};
			name = Release;
		};
		2CD6A9E018BE007800A01222 /* Debug */ = {
			isa = XCBuildConfiguration;
			buildSettings = {
				ASSETCATALOG_COMPILER_APPICON_NAME = AppIcon;
				ASSETCATALOG_COMPILER_LAUNCHIMAGE_NAME = LaunchImage;
				GCC_PRECOMPILE_PREFIX_HEADER = YES;
				GCC_PREFIX_HEADER = "Alunos/Alunos-Prefix.pch";
				INFOPLIST_FILE = "Alunos/Alunos-Info.plist";
				PRODUCT_NAME = "$(TARGET_NAME)";
				WRAPPER_EXTENSION = app;
			};
			name = Debug;
		};
		2CD6A9E118BE007800A01222 /* Release */ = {
			isa = XCBuildConfiguration;
			buildSettings = {
				ASSETCATALOG_COMPILER_APPICON_NAME = AppIcon;
				ASSETCATALOG_COMPILER_LAUNCHIMAGE_NAME = LaunchImage;
				GCC_PRECOMPILE_PREFIX_HEADER = YES;
				GCC_PREFIX_HEADER = "Alunos/Alunos-Prefix.pch";
				INFOPLIST_FILE = "Alunos/Alunos-Info.plist";
				PRODUCT_NAME = "$(TARGET_NAME)";
				WRAPPER_EXTENSION = app;
			};
			name = Release;
		};
		2CD6A9E318BE007800A01222 /* Debug */ = {
			isa = XCBuildConfiguration;
			buildSettings = {
				ARCHS = "$(ARCHS_STANDARD_INCLUDING_64_BIT)";
				BUNDLE_LOADER = "$(BUILT_PRODUCTS_DIR)/Alunos.app/Alunos";
				FRAMEWORK_SEARCH_PATHS = (
					"$(SDKROOT)/Developer/Library/Frameworks",
					"$(inherited)",
					"$(DEVELOPER_FRAMEWORKS_DIR)",
				);
				GCC_PRECOMPILE_PREFIX_HEADER = YES;
				GCC_PREFIX_HEADER = "Alunos/Alunos-Prefix.pch";
				GCC_PREPROCESSOR_DEFINITIONS = (
					"DEBUG=1",
					"$(inherited)",
				);
				INFOPLIST_FILE = "AlunosTests/AlunosTests-Info.plist";
				PRODUCT_NAME = "$(TARGET_NAME)";
				TEST_HOST = "$(BUNDLE_LOADER)";
				WRAPPER_EXTENSION = xctest;
			};
			name = Debug;
		};
		2CD6A9E418BE007800A01222 /* Release */ = {
			isa = XCBuildConfiguration;
			buildSettings = {
				ARCHS = "$(ARCHS_STANDARD_INCLUDING_64_BIT)";
				BUNDLE_LOADER = "$(BUILT_PRODUCTS_DIR)/Alunos.app/Alunos";
				FRAMEWORK_SEARCH_PATHS = (
					"$(SDKROOT)/Developer/Library/Frameworks",
					"$(inherited)",
					"$(DEVELOPER_FRAMEWORKS_DIR)",
				);
				GCC_PRECOMPILE_PREFIX_HEADER = YES;
				GCC_PREFIX_HEADER = "Alunos/Alunos-Prefix.pch";
				INFOPLIST_FILE = "AlunosTests/AlunosTests-Info.plist";
				PRODUCT_NAME = "$(TARGET_NAME)";
				TEST_HOST = "$(BUNDLE_LOADER)";
				WRAPPER_EXTENSION = xctest;
			};
			name = Release;
		};
/* End XCBuildConfiguration section */

/* Begin XCConfigurationList section */
		2CD6A9A818BE007700A01222 /* Build configuration list for PBXProject "Alunos" */ = {
			isa = XCConfigurationList;
			buildConfigurations = (
				2CD6A9DD18BE007800A01222 /* Debug */,
				2CD6A9DE18BE007800A01222 /* Release */,
			);
			defaultConfigurationIsVisible = 0;
			defaultConfigurationName = Release;
		};
		2CD6A9DF18BE007800A01222 /* Build configuration list for PBXNativeTarget "Alunos" */ = {
			isa = XCConfigurationList;
			buildConfigurations = (
				2CD6A9E018BE007800A01222 /* Debug */,
				2CD6A9E118BE007800A01222 /* Release */,
			);
			defaultConfigurationIsVisible = 0;
		};
		2CD6A9E218BE007800A01222 /* Build configuration list for PBXNativeTarget "AlunosTests" */ = {
			isa = XCConfigurationList;
			buildConfigurations = (
				2CD6A9E318BE007800A01222 /* Debug */,
				2CD6A9E418BE007800A01222 /* Release */,
			);
			defaultConfigurationIsVisible = 0;
		};
/* End XCConfigurationList section */
	};
	rootObject = 2CD6A9A518BE007700A01222 /* Project object */;
}
