// !$*UTF8*$!
{
	archiveVersion = 1;
	classes = {
	};
	objectVersion = 46;
	objects = {

/* Begin PBXBuildFile section */
		2C88C3AA18D3235F00B49389 /* Foundation.framework in Frameworks */ = {isa = PBXBuildFile; fileRef = 2C88C3A918D3235F00B49389 /* Foundation.framework */; };
		2C88C3AC18D3235F00B49389 /* CoreGraphics.framework in Frameworks */ = {isa = PBXBuildFile; fileRef = 2C88C3AB18D3235F00B49389 /* CoreGraphics.framework */; };
		2C88C3AE18D3235F00B49389 /* UIKit.framework in Frameworks */ = {isa = PBXBuildFile; fileRef = 2C88C3AD18D3235F00B49389 /* UIKit.framework */; };
		2C88C3B418D3235F00B49389 /* InfoPlist.strings in Resources */ = {isa = PBXBuildFile; fileRef = 2C88C3B218D3235F00B49389 /* InfoPlist.strings */; };
		2C88C3B618D3235F00B49389 /* main.m in Sources */ = {isa = PBXBuildFile; fileRef = 2C88C3B518D3235F00B49389 /* main.m */; };
		2C88C3BA18D3235F00B49389 /* AppDelegate.m in Sources */ = {isa = PBXBuildFile; fileRef = 2C88C3B918D3235F00B49389 /* AppDelegate.m */; };
		2C88C3BD18D3235F00B49389 /* Main.storyboard in Resources */ = {isa = PBXBuildFile; fileRef = 2C88C3BB18D3235F00B49389 /* Main.storyboard */; };
		2C88C3C018D3235F00B49389 /* ViewController.m in Sources */ = {isa = PBXBuildFile; fileRef = 2C88C3BF18D3235F00B49389 /* ViewController.m */; };
		2C88C3C218D3235F00B49389 /* Images.xcassets in Resources */ = {isa = PBXBuildFile; fileRef = 2C88C3C118D3235F00B49389 /* Images.xcassets */; };
		2C88C3C918D3235F00B49389 /* XCTest.framework in Frameworks */ = {isa = PBXBuildFile; fileRef = 2C88C3C818D3235F00B49389 /* XCTest.framework */; };
		2C88C3CA18D3235F00B49389 /* Foundation.framework in Frameworks */ = {isa = PBXBuildFile; fileRef = 2C88C3A918D3235F00B49389 /* Foundation.framework */; };
		2C88C3CB18D3235F00B49389 /* UIKit.framework in Frameworks */ = {isa = PBXBuildFile; fileRef = 2C88C3AD18D3235F00B49389 /* UIKit.framework */; };
		2C88C3D318D3235F00B49389 /* InfoPlist.strings in Resources */ = {isa = PBXBuildFile; fileRef = 2C88C3D118D3235F00B49389 /* InfoPlist.strings */; };
		2C88C3D518D3235F00B49389 /* LightSaberTests.m in Sources */ = {isa = PBXBuildFile; fileRef = 2C88C3D418D3235F00B49389 /* LightSaberTests.m */; };
		2C88C3E118D323A800B49389 /* saber.png in Resources */ = {isa = PBXBuildFile; fileRef = 2C88C3E018D323A800B49389 /* saber.png */; };
/* End PBXBuildFile section */

/* Begin PBXContainerItemProxy section */
		2C88C3CC18D3235F00B49389 /* PBXContainerItemProxy */ = {
			isa = PBXContainerItemProxy;
			containerPortal = 2C88C39E18D3235F00B49389 /* Project object */;
			proxyType = 1;
			remoteGlobalIDString = 2C88C3A518D3235F00B49389;
			remoteInfo = LightSaber;
		};
/* End PBXContainerItemProxy section */

/* Begin PBXFileReference section */
		2C88C3A618D3235F00B49389 /* LightSaber.app */ = {isa = PBXFileReference; explicitFileType = wrapper.application; includeInIndex = 0; path = LightSaber.app; sourceTree = BUILT_PRODUCTS_DIR; };
		2C88C3A918D3235F00B49389 /* Foundation.framework */ = {isa = PBXFileReference; lastKnownFileType = wrapper.framework; name = Foundation.framework; path = System/Library/Frameworks/Foundation.framework; sourceTree = SDKROOT; };
		2C88C3AB18D3235F00B49389 /* CoreGraphics.framework */ = {isa = PBXFileReference; lastKnownFileType = wrapper.framework; name = CoreGraphics.framework; path = System/Library/Frameworks/CoreGraphics.framework; sourceTree = SDKROOT; };
		2C88C3AD18D3235F00B49389 /* UIKit.framework */ = {isa = PBXFileReference; lastKnownFileType = wrapper.framework; name = UIKit.framework; path = System/Library/Frameworks/UIKit.framework; sourceTree = SDKROOT; };
		2C88C3B118D3235F00B49389 /* LightSaber-Info.plist */ = {isa = PBXFileReference; lastKnownFileType = text.plist.xml; path = "LightSaber-Info.plist"; sourceTree = "<group>"; };
		2C88C3B318D3235F00B49389 /* en */ = {isa = PBXFileReference; lastKnownFileType = text.plist.strings; name = en; path = en.lproj/InfoPlist.strings; sourceTree = "<group>"; };
		2C88C3B518D3235F00B49389 /* main.m */ = {isa = PBXFileReference; lastKnownFileType = sourcecode.c.objc; path = main.m; sourceTree = "<group>"; };
		2C88C3B718D3235F00B49389 /* LightSaber-Prefix.pch */ = {isa = PBXFileReference; lastKnownFileType = sourcecode.c.h; path = "LightSaber-Prefix.pch"; sourceTree = "<group>"; };
		2C88C3B818D3235F00B49389 /* AppDelegate.h */ = {isa = PBXFileReference; lastKnownFileType = sourcecode.c.h; path = AppDelegate.h; sourceTree = "<group>"; };
		2C88C3B918D3235F00B49389 /* AppDelegate.m */ = {isa = PBXFileReference; lastKnownFileType = sourcecode.c.objc; path = AppDelegate.m; sourceTree = "<group>"; };
		2C88C3BC18D3235F00B49389 /* Base */ = {isa = PBXFileReference; lastKnownFileType = file.storyboard; name = Base; path = Base.lproj/Main.storyboard; sourceTree = "<group>"; };
		2C88C3BE18D3235F00B49389 /* ViewController.h */ = {isa = PBXFileReference; lastKnownFileType = sourcecode.c.h; path = ViewController.h; sourceTree = "<group>"; };
		2C88C3BF18D3235F00B49389 /* ViewController.m */ = {isa = PBXFileReference; lastKnownFileType = sourcecode.c.objc; path = ViewController.m; sourceTree = "<group>"; };
		2C88C3C118D3235F00B49389 /* Images.xcassets */ = {isa = PBXFileReference; lastKnownFileType = folder.assetcatalog; path = Images.xcassets; sourceTree = "<group>"; };
		2C88C3C718D3235F00B49389 /* LightSaberTests.xctest */ = {isa = PBXFileReference; explicitFileType = wrapper.cfbundle; includeInIndex = 0; path = LightSaberTests.xctest; sourceTree = BUILT_PRODUCTS_DIR; };
		2C88C3C818D3235F00B49389 /* XCTest.framework */ = {isa = PBXFileReference; lastKnownFileType = wrapper.framework; name = XCTest.framework; path = Library/Frameworks/XCTest.framework; sourceTree = DEVELOPER_DIR; };
		2C88C3D018D3235F00B49389 /* LightSaberTests-Info.plist */ = {isa = PBXFileReference; lastKnownFileType = text.plist.xml; path = "LightSaberTests-Info.plist"; sourceTree = "<group>"; };
		2C88C3D218D3235F00B49389 /* en */ = {isa = PBXFileReference; lastKnownFileType = text.plist.strings; name = en; path = en.lproj/InfoPlist.strings; sourceTree = "<group>"; };
		2C88C3D418D3235F00B49389 /* LightSaberTests.m */ = {isa = PBXFileReference; lastKnownFileType = sourcecode.c.objc; path = LightSaberTests.m; sourceTree = "<group>"; };
		2C88C3E018D323A800B49389 /* saber.png */ = {isa = PBXFileReference; lastKnownFileType = image.png; path = saber.png; sourceTree = "<group>"; };
/* End PBXFileReference section */

/* Begin PBXFrameworksBuildPhase section */
		2C88C3A318D3235F00B49389 /* Frameworks */ = {
			isa = PBXFrameworksBuildPhase;
			buildActionMask = 2147483647;
			files = (
				2C88C3AC18D3235F00B49389 /* CoreGraphics.framework in Frameworks */,
				2C88C3AE18D3235F00B49389 /* UIKit.framework in Frameworks */,
				2C88C3AA18D3235F00B49389 /* Foundation.framework in Frameworks */,
			);
			runOnlyForDeploymentPostprocessing = 0;
		};
		2C88C3C418D3235F00B49389 /* Frameworks */ = {
			isa = PBXFrameworksBuildPhase;
			buildActionMask = 2147483647;
			files = (
				2C88C3C918D3235F00B49389 /* XCTest.framework in Frameworks */,
				2C88C3CB18D3235F00B49389 /* UIKit.framework in Frameworks */,
				2C88C3CA18D3235F00B49389 /* Foundation.framework in Frameworks */,
			);
			runOnlyForDeploymentPostprocessing = 0;
		};
/* End PBXFrameworksBuildPhase section */

/* Begin PBXGroup section */
		2C88C39D18D3235F00B49389 = {
			isa = PBXGroup;
			children = (
				2C88C3AF18D3235F00B49389 /* LightSaber */,
				2C88C3CE18D3235F00B49389 /* LightSaberTests */,
				2C88C3A818D3235F00B49389 /* Frameworks */,
				2C88C3A718D3235F00B49389 /* Products */,
			);
			sourceTree = "<group>";
		};
		2C88C3A718D3235F00B49389 /* Products */ = {
			isa = PBXGroup;
			children = (
				2C88C3A618D3235F00B49389 /* LightSaber.app */,
				2C88C3C718D3235F00B49389 /* LightSaberTests.xctest */,
			);
			name = Products;
			sourceTree = "<group>";
		};
		2C88C3A818D3235F00B49389 /* Frameworks */ = {
			isa = PBXGroup;
			children = (
				2C88C3A918D3235F00B49389 /* Foundation.framework */,
				2C88C3AB18D3235F00B49389 /* CoreGraphics.framework */,
				2C88C3AD18D3235F00B49389 /* UIKit.framework */,
				2C88C3C818D3235F00B49389 /* XCTest.framework */,
			);
			name = Frameworks;
			sourceTree = "<group>";
		};
		2C88C3AF18D3235F00B49389 /* LightSaber */ = {
			isa = PBXGroup;
			children = (
				2C88C3B818D3235F00B49389 /* AppDelegate.h */,
				2C88C3B918D3235F00B49389 /* AppDelegate.m */,
				2C88C3BB18D3235F00B49389 /* Main.storyboard */,
				2C88C3BE18D3235F00B49389 /* ViewController.h */,
				2C88C3BF18D3235F00B49389 /* ViewController.m */,
				2C88C3C118D3235F00B49389 /* Images.xcassets */,
				2C88C3B018D3235F00B49389 /* Supporting Files */,
			);
			path = LightSaber;
			sourceTree = "<group>";
		};
		2C88C3B018D3235F00B49389 /* Supporting Files */ = {
			isa = PBXGroup;
			children = (
				2C88C3E018D323A800B49389 /* saber.png */,
				2C88C3B118D3235F00B49389 /* LightSaber-Info.plist */,
				2C88C3B218D3235F00B49389 /* InfoPlist.strings */,
				2C88C3B518D3235F00B49389 /* main.m */,
				2C88C3B718D3235F00B49389 /* LightSaber-Prefix.pch */,
			);
			name = "Supporting Files";
			sourceTree = "<group>";
		};
		2C88C3CE18D3235F00B49389 /* LightSaberTests */ = {
			isa = PBXGroup;
			children = (
				2C88C3D418D3235F00B49389 /* LightSaberTests.m */,
				2C88C3CF18D3235F00B49389 /* Supporting Files */,
			);
			path = LightSaberTests;
			sourceTree = "<group>";
		};
		2C88C3CF18D3235F00B49389 /* Supporting Files */ = {
			isa = PBXGroup;
			children = (
				2C88C3D018D3235F00B49389 /* LightSaberTests-Info.plist */,
				2C88C3D118D3235F00B49389 /* InfoPlist.strings */,
			);
			name = "Supporting Files";
			sourceTree = "<group>";
		};
/* End PBXGroup section */

/* Begin PBXNativeTarget section */
		2C88C3A518D3235F00B49389 /* LightSaber */ = {
			isa = PBXNativeTarget;
			buildConfigurationList = 2C88C3D818D3235F00B49389 /* Build configuration list for PBXNativeTarget "LightSaber" */;
			buildPhases = (
				2C88C3A218D3235F00B49389 /* Sources */,
				2C88C3A318D3235F00B49389 /* Frameworks */,
				2C88C3A418D3235F00B49389 /* Resources */,
			);
			buildRules = (
			);
			dependencies = (
			);
			name = LightSaber;
			productName = LightSaber;
			productReference = 2C88C3A618D3235F00B49389 /* LightSaber.app */;
			productType = "com.apple.product-type.application";
		};
		2C88C3C618D3235F00B49389 /* LightSaberTests */ = {
			isa = PBXNativeTarget;
			buildConfigurationList = 2C88C3DB18D3235F00B49389 /* Build configuration list for PBXNativeTarget "LightSaberTests" */;
			buildPhases = (
				2C88C3C318D3235F00B49389 /* Sources */,
				2C88C3C418D3235F00B49389 /* Frameworks */,
				2C88C3C518D3235F00B49389 /* Resources */,
			);
			buildRules = (
			);
			dependencies = (
				2C88C3CD18D3235F00B49389 /* PBXTargetDependency */,
			);
			name = LightSaberTests;
			productName = LightSaberTests;
			productReference = 2C88C3C718D3235F00B49389 /* LightSaberTests.xctest */;
			productType = "com.apple.product-type.bundle.unit-test";
		};
/* End PBXNativeTarget section */

/* Begin PBXProject section */
		2C88C39E18D3235F00B49389 /* Project object */ = {
			isa = PBXProject;
			attributes = {
				LastUpgradeCheck = 0500;
				ORGANIZATIONNAME = "Paulo Martins";
				TargetAttributes = {
					2C88C3C618D3235F00B49389 = {
						TestTargetID = 2C88C3A518D3235F00B49389;
					};
				};
			};
			buildConfigurationList = 2C88C3A118D3235F00B49389 /* Build configuration list for PBXProject "LightSaber" */;
			compatibilityVersion = "Xcode 3.2";
			developmentRegion = English;
			hasScannedForEncodings = 0;
			knownRegions = (
				en,
				Base,
			);
			mainGroup = 2C88C39D18D3235F00B49389;
			productRefGroup = 2C88C3A718D3235F00B49389 /* Products */;
			projectDirPath = "";
			projectRoot = "";
			targets = (
				2C88C3A518D3235F00B49389 /* LightSaber */,
				2C88C3C618D3235F00B49389 /* LightSaberTests */,
			);
		};
/* End PBXProject section */

/* Begin PBXResourcesBuildPhase section */
		2C88C3A418D3235F00B49389 /* Resources */ = {
			isa = PBXResourcesBuildPhase;
			buildActionMask = 2147483647;
			files = (
				2C88C3C218D3235F00B49389 /* Images.xcassets in Resources */,
				2C88C3E118D323A800B49389 /* saber.png in Resources */,
				2C88C3B418D3235F00B49389 /* InfoPlist.strings in Resources */,
				2C88C3BD18D3235F00B49389 /* Main.storyboard in Resources */,
			);
			runOnlyForDeploymentPostprocessing = 0;
		};
		2C88C3C518D3235F00B49389 /* Resources */ = {
			isa = PBXResourcesBuildPhase;
			buildActionMask = 2147483647;
			files = (
				2C88C3D318D3235F00B49389 /* InfoPlist.strings in Resources */,
			);
			runOnlyForDeploymentPostprocessing = 0;
		};
/* End PBXResourcesBuildPhase section */

/* Begin PBXSourcesBuildPhase section */
		2C88C3A218D3235F00B49389 /* Sources */ = {
			isa = PBXSourcesBuildPhase;
			buildActionMask = 2147483647;
			files = (
				2C88C3C018D3235F00B49389 /* ViewController.m in Sources */,
				2C88C3BA18D3235F00B49389 /* AppDelegate.m in Sources */,
				2C88C3B618D3235F00B49389 /* main.m in Sources */,
			);
			runOnlyForDeploymentPostprocessing = 0;
		};
		2C88C3C318D3235F00B49389 /* Sources */ = {
			isa = PBXSourcesBuildPhase;
			buildActionMask = 2147483647;
			files = (
				2C88C3D518D3235F00B49389 /* LightSaberTests.m in Sources */,
			);
			runOnlyForDeploymentPostprocessing = 0;
		};
/* End PBXSourcesBuildPhase section */

/* Begin PBXTargetDependency section */
		2C88C3CD18D3235F00B49389 /* PBXTargetDependency */ = {
			isa = PBXTargetDependency;
			target = 2C88C3A518D3235F00B49389 /* LightSaber */;
			targetProxy = 2C88C3CC18D3235F00B49389 /* PBXContainerItemProxy */;
		};
/* End PBXTargetDependency section */

/* Begin PBXVariantGroup section */
		2C88C3B218D3235F00B49389 /* InfoPlist.strings */ = {
			isa = PBXVariantGroup;
			children = (
				2C88C3B318D3235F00B49389 /* en */,
			);
			name = InfoPlist.strings;
			sourceTree = "<group>";
		};
		2C88C3BB18D3235F00B49389 /* Main.storyboard */ = {
			isa = PBXVariantGroup;
			children = (
				2C88C3BC18D3235F00B49389 /* Base */,
			);
			name = Main.storyboard;
			sourceTree = "<group>";
		};
		2C88C3D118D3235F00B49389 /* InfoPlist.strings */ = {
			isa = PBXVariantGroup;
			children = (
				2C88C3D218D3235F00B49389 /* en */,
			);
			name = InfoPlist.strings;
			sourceTree = "<group>";
		};
/* End PBXVariantGroup section */

/* Begin XCBuildConfiguration section */
		2C88C3D618D3235F00B49389 /* Debug */ = {
			isa = XCBuildConfiguration;
			buildSettings = {
				ALWAYS_SEARCH_USER_PATHS = NO;
				ARCHS = "$(ARCHS_STANDARD_INCLUDING_64_BIT)";
				CLANG_CXX_LANGUAGE_STANDARD = "gnu++0x";
				CLANG_CXX_LIBRARY = "libc++";
				CLANG_ENABLE_MODULES = YES;
				CLANG_ENABLE_OBJC_ARC = YES;
				CLANG_WARN_BOOL_CONVERSION = YES;
				CLANG_WARN_CONSTANT_CONVERSION = YES;
				CLANG_WARN_DIRECT_OBJC_ISA_USAGE = YES_ERROR;
				CLANG_WARN_EMPTY_BODY = YES;
				CLANG_WARN_ENUM_CONVERSION = YES;
				CLANG_WARN_INT_CONVERSION = YES;
				CLANG_WARN_OBJC_ROOT_CLASS = YES_ERROR;
				CLANG_WARN__DUPLICATE_METHOD_MATCH = YES;
				"CODE_SIGN_IDENTITY[sdk=iphoneos*]" = "iPhone Developer";
				COPY_PHASE_STRIP = NO;
				GCC_C_LANGUAGE_STANDARD = gnu99;
				GCC_DYNAMIC_NO_PIC = NO;
				GCC_OPTIMIZATION_LEVEL = 0;
				GCC_PREPROCESSOR_DEFINITIONS = (
					"DEBUG=1",
					"$(inherited)",
				);
				GCC_SYMBOLS_PRIVATE_EXTERN = NO;
				GCC_WARN_64_TO_32_BIT_CONVERSION = YES;
				GCC_WARN_ABOUT_RETURN_TYPE = YES_ERROR;
				GCC_WARN_UNDECLARED_SELECTOR = YES;
				GCC_WARN_UNINITIALIZED_AUTOS = YES;
				GCC_WARN_UNUSED_FUNCTION = YES;
				GCC_WARN_UNUSED_VARIABLE = YES;
				IPHONEOS_DEPLOYMENT_TARGET = 7.0;
				ONLY_ACTIVE_ARCH = YES;
				SDKROOT = iphoneos;
			};
			name = Debug;
		};
		2C88C3D718D3235F00B49389 /* Release */ = {
			isa = XCBuildConfiguration;
			buildSettings = {
				ALWAYS_SEARCH_USER_PATHS = NO;
				ARCHS = "$(ARCHS_STANDARD_INCLUDING_64_BIT)";
				CLANG_CXX_LANGUAGE_STANDARD = "gnu++0x";
				CLANG_CXX_LIBRARY = "libc++";
				CLANG_ENABLE_MODULES = YES;
				CLANG_ENABLE_OBJC_ARC = YES;
				CLANG_WARN_BOOL_CONVERSION = YES;
				CLANG_WARN_CONSTANT_CONVERSION = YES;
				CLANG_WARN_DIRECT_OBJC_ISA_USAGE = YES_ERROR;
				CLANG_WARN_EMPTY_BODY = YES;
				CLANG_WARN_ENUM_CONVERSION = YES;
				CLANG_WARN_INT_CONVERSION = YES;
				CLANG_WARN_OBJC_ROOT_CLASS = YES_ERROR;
				CLANG_WARN__DUPLICATE_METHOD_MATCH = YES;
				"CODE_SIGN_IDENTITY[sdk=iphoneos*]" = "iPhone Developer";
				COPY_PHASE_STRIP = YES;
				ENABLE_NS_ASSERTIONS = NO;
				GCC_C_LANGUAGE_STANDARD = gnu99;
				GCC_WARN_64_TO_32_BIT_CONVERSION = YES;
				GCC_WARN_ABOUT_RETURN_TYPE = YES_ERROR;
				GCC_WARN_UNDECLARED_SELECTOR = YES;
				GCC_WARN_UNINITIALIZED_AUTOS = YES;
				GCC_WARN_UNUSED_FUNCTION = YES;
				GCC_WARN_UNUSED_VARIABLE = YES;
				IPHONEOS_DEPLOYMENT_TARGET = 7.0;
				SDKROOT = iphoneos;
				VALIDATE_PRODUCT = YES;
			};
			name = Release;
		};
		2C88C3D918D3235F00B49389 /* Debug */ = {
			isa = XCBuildConfiguration;
			buildSettings = {
				ASSETCATALOG_COMPILER_APPICON_NAME = AppIcon;
				ASSETCATALOG_COMPILER_LAUNCHIMAGE_NAME = LaunchImage;
				GCC_PRECOMPILE_PREFIX_HEADER = YES;
				GCC_PREFIX_HEADER = "LightSaber/LightSaber-Prefix.pch";
				INFOPLIST_FILE = "LightSaber/LightSaber-Info.plist";
				PRODUCT_NAME = "$(TARGET_NAME)";
				WRAPPER_EXTENSION = app;
			};
			name = Debug;
		};
		2C88C3DA18D3235F00B49389 /* Release */ = {
			isa = XCBuildConfiguration;
			buildSettings = {
				ASSETCATALOG_COMPILER_APPICON_NAME = AppIcon;
				ASSETCATALOG_COMPILER_LAUNCHIMAGE_NAME = LaunchImage;
				GCC_PRECOMPILE_PREFIX_HEADER = YES;
				GCC_PREFIX_HEADER = "LightSaber/LightSaber-Prefix.pch";
				INFOPLIST_FILE = "LightSaber/LightSaber-Info.plist";
				PRODUCT_NAME = "$(TARGET_NAME)";
				WRAPPER_EXTENSION = app;
			};
			name = Release;
		};
		2C88C3DC18D3235F00B49389 /* Debug */ = {
			isa = XCBuildConfiguration;
			buildSettings = {
				ARCHS = "$(ARCHS_STANDARD_INCLUDING_64_BIT)";
				BUNDLE_LOADER = "$(BUILT_PRODUCTS_DIR)/LightSaber.app/LightSaber";
				FRAMEWORK_SEARCH_PATHS = (
					"$(SDKROOT)/Developer/Library/Frameworks",
					"$(inherited)",
					"$(DEVELOPER_FRAMEWORKS_DIR)",
				);
				GCC_PRECOMPILE_PREFIX_HEADER = YES;
				GCC_PREFIX_HEADER = "LightSaber/LightSaber-Prefix.pch";
				GCC_PREPROCESSOR_DEFINITIONS = (
					"DEBUG=1",
					"$(inherited)",
				);
				INFOPLIST_FILE = "LightSaberTests/LightSaberTests-Info.plist";
				PRODUCT_NAME = "$(TARGET_NAME)";
				TEST_HOST = "$(BUNDLE_LOADER)";
				WRAPPER_EXTENSION = xctest;
			};
			name = Debug;
		};
		2C88C3DD18D3235F00B49389 /* Release */ = {
			isa = XCBuildConfiguration;
			buildSettings = {
				ARCHS = "$(ARCHS_STANDARD_INCLUDING_64_BIT)";
				BUNDLE_LOADER = "$(BUILT_PRODUCTS_DIR)/LightSaber.app/LightSaber";
				FRAMEWORK_SEARCH_PATHS = (
					"$(SDKROOT)/Developer/Library/Frameworks",
					"$(inherited)",
					"$(DEVELOPER_FRAMEWORKS_DIR)",
				);
				GCC_PRECOMPILE_PREFIX_HEADER = YES;
				GCC_PREFIX_HEADER = "LightSaber/LightSaber-Prefix.pch";
				INFOPLIST_FILE = "LightSaberTests/LightSaberTests-Info.plist";
				PRODUCT_NAME = "$(TARGET_NAME)";
				TEST_HOST = "$(BUNDLE_LOADER)";
				WRAPPER_EXTENSION = xctest;
			};
			name = Release;
		};
/* End XCBuildConfiguration section */

/* Begin XCConfigurationList section */
		2C88C3A118D3235F00B49389 /* Build configuration list for PBXProject "LightSaber" */ = {
			isa = XCConfigurationList;
			buildConfigurations = (
				2C88C3D618D3235F00B49389 /* Debug */,
				2C88C3D718D3235F00B49389 /* Release */,
			);
			defaultConfigurationIsVisible = 0;
			defaultConfigurationName = Release;
		};
		2C88C3D818D3235F00B49389 /* Build configuration list for PBXNativeTarget "LightSaber" */ = {
			isa = XCConfigurationList;
			buildConfigurations = (
				2C88C3D918D3235F00B49389 /* Debug */,
				2C88C3DA18D3235F00B49389 /* Release */,
			);
			defaultConfigurationIsVisible = 0;
		};
		2C88C3DB18D3235F00B49389 /* Build configuration list for PBXNativeTarget "LightSaberTests" */ = {
			isa = XCConfigurationList;
			buildConfigurations = (
				2C88C3DC18D3235F00B49389 /* Debug */,
				2C88C3DD18D3235F00B49389 /* Release */,
			);
			defaultConfigurationIsVisible = 0;
		};
/* End XCConfigurationList section */
	};
	rootObject = 2C88C39E18D3235F00B49389 /* Project object */;
}
